// !$*UTF8*$!
{
	archiveVersion = 1;
	classes = {
	};
	objectVersion = 46;
	objects = {

/* Begin PBXBuildFile section */
		0EED627D1F9825B500CD8C56 /* NoeudMur.swift in Sources */ = {isa = PBXBuildFile; fileRef = 0EED627C1F9825B500CD8C56 /* NoeudMur.swift */; };
		0EED627F1F982B3B00CD8C56 /* ModeleEtatCreerMuret.swift in Sources */ = {isa = PBXBuildFile; fileRef = 0EED627E1F982B3B00CD8C56 /* ModeleEtatCreerMuret.swift */; };
		0EED62811F98301C00CD8C56 /* mur.obj in Resources */ = {isa = PBXBuildFile; fileRef = 0EED62801F98301C00CD8C56 /* mur.obj */; };
		1D019A1E1F911DE2004D79B2 /* LoginViewController.swift in Sources */ = {isa = PBXBuildFile; fileRef = 1D019A1D1F911DE2004D79B2 /* LoginViewController.swift */; };
		1D019A211F911DF6004D79B2 /* Login.swift in Sources */ = {isa = PBXBuildFile; fileRef = 1D019A1F1F911DF6004D79B2 /* Login.swift */; };
		1D019A221F911DF6004D79B2 /* Signup.swift in Sources */ = {isa = PBXBuildFile; fileRef = 1D019A201F911DF6004D79B2 /* Signup.swift */; };
		1D019A261F911E25004D79B2 /* Dynamic.swift in Sources */ = {isa = PBXBuildFile; fileRef = 1D019A251F911E25004D79B2 /* Dynamic.swift */; };
		1D019A2A1F911E33004D79B2 /* LoginViewModel.swift in Sources */ = {isa = PBXBuildFile; fileRef = 1D019A281F911E33004D79B2 /* LoginViewModel.swift */; };
		1D019A2D1F911E49004D79B2 /* SignupViewModel.swift in Sources */ = {isa = PBXBuildFile; fileRef = 1D019A2B1F911E49004D79B2 /* SignupViewModel.swift */; };
		1D019A2E1F911E49004D79B2 /* ISignupViewModel.swift in Sources */ = {isa = PBXBuildFile; fileRef = 1D019A2C1F911E49004D79B2 /* ISignupViewModel.swift */; };
		1D019A301F911E78004D79B2 /* Http.swift in Sources */ = {isa = PBXBuildFile; fileRef = 1D019A2F1F911E78004D79B2 /* Http.swift */; };
		1D3D77B71F981BCA0012EF12 /* MainViewController.swift in Sources */ = {isa = PBXBuildFile; fileRef = 1D3D77B61F981BCA0012EF12 /* MainViewController.swift */; };
		1D863DB11F9848E70025B89D /* OfflineMenuViewController.swift in Sources */ = {isa = PBXBuildFile; fileRef = 1D863DB01F9848E70025B89D /* OfflineMenuViewController.swift */; };
		1D90AAFB1F98205A003E0764 /* ConnectServerViewController.swift in Sources */ = {isa = PBXBuildFile; fileRef = 1D90AAFA1F98205A003E0764 /* ConnectServerViewController.swift */; };
		1D90AAFE1F98228E003E0764 /* IConnectServerViewModel.swift in Sources */ = {isa = PBXBuildFile; fileRef = 1D90AAFD1F98228E003E0764 /* IConnectServerViewModel.swift */; };
		1D90AB001F982332003E0764 /* ConnectServerViewModel.swift in Sources */ = {isa = PBXBuildFile; fileRef = 1D90AAFF1F982332003E0764 /* ConnectServerViewModel.swift */; };
		1D90AB021F9824BE003E0764 /* ConnectServer.swift in Sources */ = {isa = PBXBuildFile; fileRef = 1D90AB011F9824BE003E0764 /* ConnectServer.swift */; };
		1DFE2E4C1F91A8FD0048892D /* SignupViewController.swift in Sources */ = {isa = PBXBuildFile; fileRef = 1DFE2E4B1F91A8FD0048892D /* SignupViewController.swift */; };
		25163A891F9CE62600142418 /* ILoginViewModel.swift in Sources */ = {isa = PBXBuildFile; fileRef = 25163A881F9CE62500142418 /* ILoginViewModel.swift */; };
		252EC9161FA80FAD008D119C /* EditionHub.swift in Sources */ = {isa = PBXBuildFile; fileRef = 252EC9151FA80FAD008D119C /* EditionHub.swift */; };
		253741AC1FA61B0C00E7DBE1 /* DBManager.swift in Sources */ = {isa = PBXBuildFile; fileRef = 253741AB1FA61B0C00E7DBE1 /* DBManager.swift */; };
		253E088C1F81858E009F301B /* UIViewShake.swift in Sources */ = {isa = PBXBuildFile; fileRef = 253E088B1F81858E009F301B /* UIViewShake.swift */; };
		253E088E1F818DD2009F301B /* JsonHelper.swift in Sources */ = {isa = PBXBuildFile; fileRef = 253E088D1F818DD2009F301B /* JsonHelper.swift */; };
		253E08911F81913A009F301B /* ChannelEntity.swift in Sources */ = {isa = PBXBuildFile; fileRef = 253E08901F81913A009F301B /* ChannelEntity.swift */; };
		25628B9D1FA79B940010B58D /* IMapViewModel.swift in Sources */ = {isa = PBXBuildFile; fileRef = 25628B9C1FA79B940010B58D /* IMapViewModel.swift */; };
		25628B9F1FA79C070010B58D /* MapViewModel.swift in Sources */ = {isa = PBXBuildFile; fileRef = 25628B9E1FA79C070010B58D /* MapViewModel.swift */; };
		25628BA11FA79CFF0010B58D /* Maps.swift in Sources */ = {isa = PBXBuildFile; fileRef = 25628BA01FA79CFF0010B58D /* Maps.swift */; };
		256539A91F9D643A00D81E2C /* MapEntity.swift in Sources */ = {isa = PBXBuildFile; fileRef = 256539A81F9D643A00D81E2C /* MapEntity.swift */; };
		25F66FB51FA13071006CB47F /* VisiteurSauvegarde.swift in Sources */ = {isa = PBXBuildFile; fileRef = 25F66FB41FA13071006CB47F /* VisiteurSauvegarde.swift */; };
		25F8091F1FA673050008F048 /* MapTableViewController.swift in Sources */ = {isa = PBXBuildFile; fileRef = 25F8091E1FA673050008F048 /* MapTableViewController.swift */; };
		25F809231FA6A2680008F048 /* MapDisplayViewController.swift in Sources */ = {isa = PBXBuildFile; fileRef = 25F809221FA6A2680008F048 /* MapDisplayViewController.swift */; };
		25F809251FA6AB680008F048 /* CreateMapViewController.swift in Sources */ = {isa = PBXBuildFile; fileRef = 25F809241FA6AB680008F048 /* CreateMapViewController.swift */; };
		25FDE43B1FA80D4D0089D9FE /* HubManager.swift in Sources */ = {isa = PBXBuildFile; fileRef = 25FDE43A1FA80D4D0089D9FE /* HubManager.swift */; };
		25FDE43D1FA80DA60089D9FE /* BaseHub.swift in Sources */ = {isa = PBXBuildFile; fileRef = 25FDE43C1FA80DA60089D9FE /* BaseHub.swift */; };
		3415E6C21F8545B300DB1CAD /* NoeudCommun.swift in Sources */ = {isa = PBXBuildFile; fileRef = 3415E6C11F8545B300DB1CAD /* NoeudCommun.swift */; };
		3415E6C41F8547CE00DB1CAD /* ArbreRendu.swift in Sources */ = {isa = PBXBuildFile; fileRef = 3415E6C31F8547CE00DB1CAD /* ArbreRendu.swift */; };
		3415E6C71F85649D00DB1CAD /* UsineAbstraite.swift in Sources */ = {isa = PBXBuildFile; fileRef = 3415E6C61F85649D00DB1CAD /* UsineAbstraite.swift */; };
		3415E6C91F85659900DB1CAD /* UsineNoeud.swift in Sources */ = {isa = PBXBuildFile; fileRef = 3415E6C81F85659900DB1CAD /* UsineNoeud.swift */; };
		3415E6D91F85A99500DB1CAD /* controlPoint.obj in Resources */ = {isa = PBXBuildFile; fileRef = 3415E6D81F85A99500DB1CAD /* controlPoint.obj */; };
		3415E6DB1F85C1F300DB1CAD /* NoeudPointControl.swift in Sources */ = {isa = PBXBuildFile; fileRef = 3415E6DA1F85C1F300DB1CAD /* NoeudPointControl.swift */; };
		342E7C521F9859620062017A /* ModeleEtatCreerPortail.swift in Sources */ = {isa = PBXBuildFile; fileRef = 342E7C511F9859620062017A /* ModeleEtatCreerPortail.swift */; };
		342E7C541F9859770062017A /* NoeudPortail.swift in Sources */ = {isa = PBXBuildFile; fileRef = 342E7C531F9859770062017A /* NoeudPortail.swift */; };
		342E7C561F985AD50062017A /* portail.obj in Resources */ = {isa = PBXBuildFile; fileRef = 342E7C551F985AD50062017A /* portail.obj */; };
		344A6E1C1F9908EB00CFFBEB /* Camera.png in Resources */ = {isa = PBXBuildFile; fileRef = 344A6E1B1F9908EB00CFFBEB /* Camera.png */; };
		344A6E1E1F9908F500CFFBEB /* Cancel.png in Resources */ = {isa = PBXBuildFile; fileRef = 344A6E1D1F9908F500CFFBEB /* Cancel.png */; };
		344A6E201F990ECA00CFFBEB /* accelerateur.obj in Resources */ = {isa = PBXBuildFile; fileRef = 344A6E1F1F990ECA00CFFBEB /* accelerateur.obj */; };
		344A6E221F99101700CFFBEB /* ModeleEtatCreerBoost.swift in Sources */ = {isa = PBXBuildFile; fileRef = 344A6E211F99101700CFFBEB /* ModeleEtatCreerBoost.swift */; };
		344A6E241F99112000CFFBEB /* NoeudAccelerateur.swift in Sources */ = {isa = PBXBuildFile; fileRef = 344A6E231F99112000CFFBEB /* NoeudAccelerateur.swift */; };
		344A6E2A1F994E0100CFFBEB /* VisiteurSurTable.swift in Sources */ = {isa = PBXBuildFile; fileRef = 344A6E291F994E0100CFFBEB /* VisiteurSurTable.swift */; };
		344A6E2C1F994E0D00CFFBEB /* CollisionHelper.swift in Sources */ = {isa = PBXBuildFile; fileRef = 344A6E2B1F994E0D00CFFBEB /* CollisionHelper.swift */; };
		3475C2291F8FAF8D00E8BF86 /* EditorHUDScene.sks in Resources */ = {isa = PBXBuildFile; fileRef = 3475C2271F8FAF8D00E8BF86 /* EditorHUDScene.sks */; };
		3475C22A1F8FAF8D00E8BF86 /* EditorHUDScene.swift in Sources */ = {isa = PBXBuildFile; fileRef = 3475C2281F8FAF8D00E8BF86 /* EditorHUDScene.swift */; };
		3475C2381F8FB9A100E8BF86 /* Booster.png in Resources */ = {isa = PBXBuildFile; fileRef = 3475C22E1F8FB9A100E8BF86 /* Booster.png */; };
		3475C2391F8FB9A100E8BF86 /* ControlPoint.png in Resources */ = {isa = PBXBuildFile; fileRef = 3475C22F1F8FB9A100E8BF86 /* ControlPoint.png */; };
		3475C23A1F8FB9A100E8BF86 /* Duplicate.png in Resources */ = {isa = PBXBuildFile; fileRef = 3475C2301F8FB9A100E8BF86 /* Duplicate.png */; };
		3475C23B1F8FB9A100E8BF86 /* Move.png in Resources */ = {isa = PBXBuildFile; fileRef = 3475C2311F8FB9A100E8BF86 /* Move.png */; };
		3475C23C1F8FB9A100E8BF86 /* Portal.png in Resources */ = {isa = PBXBuildFile; fileRef = 3475C2321F8FB9A100E8BF86 /* Portal.png */; };
		3475C23D1F8FB9A100E8BF86 /* Resize.png in Resources */ = {isa = PBXBuildFile; fileRef = 3475C2331F8FB9A100E8BF86 /* Resize.png */; };
		3475C23E1F8FB9A100E8BF86 /* Rotate.png in Resources */ = {isa = PBXBuildFile; fileRef = 3475C2341F8FB9A100E8BF86 /* Rotate.png */; };
		3475C23F1F8FB9A100E8BF86 /* Select.png in Resources */ = {isa = PBXBuildFile; fileRef = 3475C2351F8FB9A100E8BF86 /* Select.png */; };
		3475C2401F8FB9A100E8BF86 /* Wall.png in Resources */ = {isa = PBXBuildFile; fileRef = 3475C2361F8FB9A100E8BF86 /* Wall.png */; };
		3475C2411F8FB9A100E8BF86 /* Zoom.png in Resources */ = {isa = PBXBuildFile; fileRef = 3475C2371F8FB9A100E8BF86 /* Zoom.png */; };
		3475C2431F8FE71800E8BF86 /* ModeleEtatCameraControl.swift in Sources */ = {isa = PBXBuildFile; fileRef = 3475C2421F8FE71800E8BF86 /* ModeleEtatCameraControl.swift */; };
		3475C2461F90144300E8BF86 /* ImmediatePanGestureRecognizer.swift in Sources */ = {isa = PBXBuildFile; fileRef = 3475C2451F90144300E8BF86 /* ImmediatePanGestureRecognizer.swift */; };
		3497C3251F9FECA600C58700 /* ModeleEtatDuplication.swift in Sources */ = {isa = PBXBuildFile; fileRef = 3497C3241F9FECA600C58700 /* ModeleEtatDuplication.swift */; };
		3497C3271F9FF3C300C58700 /* VisiteurDuplication.swift in Sources */ = {isa = PBXBuildFile; fileRef = 3497C3261F9FF3C300C58700 /* VisiteurDuplication.swift */; };
		34B66FD91F8428EA00A9CCB9 /* NoeudTable.swift in Sources */ = {isa = PBXBuildFile; fileRef = 34B66FD81F8428EA00A9CCB9 /* NoeudTable.swift */; };
		34B66FDC1F843CD400A9CCB9 /* fire_texture.png in Resources */ = {isa = PBXBuildFile; fileRef = 34B66FDB1F843CD300A9CCB9 /* fire_texture.png */; };
		34B66FE01F844C2100A9CCB9 /* table_texture.png in Resources */ = {isa = PBXBuildFile; fileRef = 34B66FDF1F844C2100A9CCB9 /* table_texture.png */; };
		34B66FE21F84599100A9CCB9 /* But.swift in Sources */ = {isa = PBXBuildFile; fileRef = 34B66FE11F84599100A9CCB9 /* But.swift */; };
		34B66FE41F84636900A9CCB9 /* NoeudBut.swift in Sources */ = {isa = PBXBuildFile; fileRef = 34B66FE31F84636900A9CCB9 /* NoeudBut.swift */; };
		34B965CE1FA26EDE00BD17CC /* GeneralPropertiesViewController.swift in Sources */ = {isa = PBXBuildFile; fileRef = 34B965CD1FA26EDE00BD17CC /* GeneralPropertiesViewController.swift */; };
		34B965D01FA2976600BD17CC /* GeneralProperties.swift in Sources */ = {isa = PBXBuildFile; fileRef = 34B965CF1FA2976600BD17CC /* GeneralProperties.swift */; };
		34C16BC21FAA783700908983 /* ChatHub.swift in Sources */ = {isa = PBXBuildFile; fileRef = 34C16BC11FAA783700908983 /* ChatHub.swift */; };
		8F0B94AC1F8D3EEE007F0E82 /* VisiteurAbstrait.swift in Sources */ = {isa = PBXBuildFile; fileRef = 8F0B94AB1F8D3EEE007F0E82 /* VisiteurAbstrait.swift */; };
		8F0B94AE1F8D450B007F0E82 /* VisiteurSelectionnable.swift in Sources */ = {isa = PBXBuildFile; fileRef = 8F0B94AD1F8D450B007F0E82 /* VisiteurSelectionnable.swift */; };
		8F0B94B21F8D4BCE007F0E82 /* ModeleEtat.swift in Sources */ = {isa = PBXBuildFile; fileRef = 8F0B94B11F8D4BCE007F0E82 /* ModeleEtat.swift */; };
		8F0B94B41F8D4EC1007F0E82 /* ModeleEtatSelection.swift in Sources */ = {isa = PBXBuildFile; fileRef = 8F0B94B31F8D4EC1007F0E82 /* ModeleEtatSelection.swift */; };
		8F0B94B61F8D5C25007F0E82 /* FacadeModele.swift in Sources */ = {isa = PBXBuildFile; fileRef = 8F0B94B51F8D5C25007F0E82 /* FacadeModele.swift */; };
		8F0B94B81F8D7F11007F0E82 /* ModeleEtatPointControl.swift in Sources */ = {isa = PBXBuildFile; fileRef = 8F0B94B71F8D7F11007F0E82 /* ModeleEtatPointControl.swift */; };
		8F0B94BA1F8D8C95007F0E82 /* ModeleEtatDeplacement.swift in Sources */ = {isa = PBXBuildFile; fileRef = 8F0B94B91F8D8C95007F0E82 /* ModeleEtatDeplacement.swift */; };
		8F0B94BC1F8D8EA6007F0E82 /* VisiteurDeplacement.swift in Sources */ = {isa = PBXBuildFile; fileRef = 8F0B94BB1F8D8EA6007F0E82 /* VisiteurDeplacement.swift */; };
		8F0B94BE1F8DC0F1007F0E82 /* VisiteurSelection.swift in Sources */ = {isa = PBXBuildFile; fileRef = 8F0B94BD1F8DC0F1007F0E82 /* VisiteurSelection.swift */; };
		8F1B4BD71FA65C3C005321AF /* VisiteurInformation.swift in Sources */ = {isa = PBXBuildFile; fileRef = 8F1B4BD61FA65C3C005321AF /* VisiteurInformation.swift */; };
		8F1D52A81F9D972400135A53 /* ModeleEtatScale.swift in Sources */ = {isa = PBXBuildFile; fileRef = 8F1D52A71F9D972400135A53 /* ModeleEtatScale.swift */; };
		8F1D52AA1F9D99C700135A53 /* VisiteurScale.swift in Sources */ = {isa = PBXBuildFile; fileRef = 8F1D52A91F9D99C700135A53 /* VisiteurScale.swift */; };
		8F27E8111FA1803400A8856D /* Tap.png in Resources */ = {isa = PBXBuildFile; fileRef = 8F27E8101FA1803400A8856D /* Tap.png */; };
		8F4D5E3C1FA060150002D5C5 /* Delete.png in Resources */ = {isa = PBXBuildFile; fileRef = 8F4D5E3B1FA060140002D5C5 /* Delete.png */; };
		8F64C0111F7754EF00F14AC7 /* ChatViewController.swift in Sources */ = {isa = PBXBuildFile; fileRef = 8F64C0101F7754EF00F14AC7 /* ChatViewController.swift */; };
		8F64C0131F7754FD00F14AC7 /* LaunchScreen.storyboard in Resources */ = {isa = PBXBuildFile; fileRef = 8F64C0121F7754FD00F14AC7 /* LaunchScreen.storyboard */; };
		8F64C0151F77550800F14AC7 /* Main.storyboard in Resources */ = {isa = PBXBuildFile; fileRef = 8F64C0141F77550800F14AC7 /* Main.storyboard */; };
		8F64C0171F775B2500F14AC7 /* AuthentificationViewController.swift in Sources */ = {isa = PBXBuildFile; fileRef = 8F64C0161F775B2500F14AC7 /* AuthentificationViewController.swift */; };
		8F65B2851FAE264100D8EE20 /* OnlineUser.swift in Sources */ = {isa = PBXBuildFile; fileRef = 8F65B2841FAE264100D8EE20 /* OnlineUser.swift */; };
		8F65B2871FAE265F00D8EE20 /* UserManager.swift in Sources */ = {isa = PBXBuildFile; fileRef = 8F65B2861FAE265F00D8EE20 /* UserManager.swift */; };
		8F65B2891FAE321C00D8EE20 /* VisiteurByUUID.swift in Sources */ = {isa = PBXBuildFile; fileRef = 8F65B2881FAE321C00D8EE20 /* VisiteurByUUID.swift */; };
		8F65B28B1FAE55C200D8EE20 /* NodeCreator.swift in Sources */ = {isa = PBXBuildFile; fileRef = 8F65B28A1FAE55C200D8EE20 /* NodeCreator.swift */; };
		8F65B28F1FAE600700D8EE20 /* EditionCommand.swift in Sources */ = {isa = PBXBuildFile; fileRef = 8F65B28D1FAE600700D8EE20 /* EditionCommand.swift */; };
		8F65B2901FAE600700D8EE20 /* PortalCommand.swift in Sources */ = {isa = PBXBuildFile; fileRef = 8F65B28E1FAE600700D8EE20 /* PortalCommand.swift */; };
		8F65B2921FAE603300D8EE20 /* EditorState.swift in Sources */ = {isa = PBXBuildFile; fileRef = 8F65B2911FAE603300D8EE20 /* EditorState.swift */; };
		8F65B2941FAE612F00D8EE20 /* OfflineEditorState.swift in Sources */ = {isa = PBXBuildFile; fileRef = 8F65B2931FAE612F00D8EE20 /* OfflineEditorState.swift */; };
		8F65B2961FAE614600D8EE20 /* OnlineEditorState.swift in Sources */ = {isa = PBXBuildFile; fileRef = 8F65B2951FAE614500D8EE20 /* OnlineEditorState.swift */; };
		8F690D601F9D5244003F051A /* VisiteurObtenirSelection.swift in Sources */ = {isa = PBXBuildFile; fileRef = 8F690D5F1F9D5244003F051A /* VisiteurObtenirSelection.swift */; };
		8F690D621F9D5E7F003F051A /* ModeleEtatRotation.swift in Sources */ = {isa = PBXBuildFile; fileRef = 8F690D611F9D5E7F003F051A /* ModeleEtatRotation.swift */; };
		8F69F4BF1F8AF871004D5129 /* MathHelper.swift in Sources */ = {isa = PBXBuildFile; fileRef = 8F69F4BE1F8AF871004D5129 /* MathHelper.swift */; };
		8F6AE2BC1F6592EB00A29E8B /* AppDelegate.swift in Sources */ = {isa = PBXBuildFile; fileRef = 8F6AE2BB1F6592EB00A29E8B /* AppDelegate.swift */; };
		8F6AE2BE1F6592EB00A29E8B /* GameScene.sks in Resources */ = {isa = PBXBuildFile; fileRef = 8F6AE2BD1F6592EB00A29E8B /* GameScene.sks */; };
		8F6AE2C01F6592EB00A29E8B /* Actions.sks in Resources */ = {isa = PBXBuildFile; fileRef = 8F6AE2BF1F6592EB00A29E8B /* Actions.sks */; };
		8F6AE2C21F6592EB00A29E8B /* GameScene.swift in Sources */ = {isa = PBXBuildFile; fileRef = 8F6AE2C11F6592EB00A29E8B /* GameScene.swift */; };
		8F6AE2C91F6592EB00A29E8B /* Assets.xcassets in Resources */ = {isa = PBXBuildFile; fileRef = 8F6AE2C81F6592EB00A29E8B /* Assets.xcassets */; };
		8F76FC0F1F9CF990001BBC99 /* SCNodeHelper.swift in Sources */ = {isa = PBXBuildFile; fileRef = 8F76FC0E1F9CF990001BBC99 /* SCNodeHelper.swift */; };
		8F7F0BC81FA6CFDB00C4F022 /* ObjectPropertiesView.swift in Sources */ = {isa = PBXBuildFile; fileRef = 8F7F0BC71FA6CFDA00C4F022 /* ObjectPropertiesView.swift */; };
		8F8706B91F7892BB000E6824 /* Entity.swift in Sources */ = {isa = PBXBuildFile; fileRef = 8F8706B81F7892BB000E6824 /* Entity.swift */; };
		8F8706BB1F7892F2000E6824 /* ChatMessageEntity.swift in Sources */ = {isa = PBXBuildFile; fileRef = 8F8706BA1F7892F2000E6824 /* ChatMessageEntity.swift */; };
		8F8706BD1F78A67F000E6824 /* ChannelViewController.swift in Sources */ = {isa = PBXBuildFile; fileRef = 8F8706BC1F78A67F000E6824 /* ChannelViewController.swift */; };
		8F97A3851FA2C8BD00421FDC /* GeneralPropertiesViewModel.swift in Sources */ = {isa = PBXBuildFile; fileRef = 8F97A3831FA2C8BD00421FDC /* GeneralPropertiesViewModel.swift */; };
		8F97A3861FA2C8BD00421FDC /* IGeneralPropertiesViewModel.swift in Sources */ = {isa = PBXBuildFile; fileRef = 8F97A3841FA2C8BD00421FDC /* IGeneralPropertiesViewModel.swift */; };
		8FB6A9951F81B9C800FAFFCF /* EditorViewController.swift in Sources */ = {isa = PBXBuildFile; fileRef = 8FB6A9941F81B9C800FAFFCF /* EditorViewController.swift */; };
		8FB6A9CA1F81E38300FAFFCF /* Table.swift in Sources */ = {isa = PBXBuildFile; fileRef = 8FB6A9C91F81E38300FAFFCF /* Table.swift */; };
		8FCDF6191FA1BEDF00631551 /* EditorNotificationScene.sks in Resources */ = {isa = PBXBuildFile; fileRef = 8FCDF6171FA1BEDF00631551 /* EditorNotificationScene.sks */; };
		8FCDF61A1FA1BEDF00631551 /* EditorNotificationScene.swift in Sources */ = {isa = PBXBuildFile; fileRef = 8FCDF6181FA1BEDF00631551 /* EditorNotificationScene.swift */; };
		8FFC5B481F7C90340031474F /* MessageViewCell.swift in Sources */ = {isa = PBXBuildFile; fileRef = 8FFC5B471F7C90340031474F /* MessageViewCell.swift */; };
		8FFC5B4A1F7CA7170031474F /* PaddingLabel.swift in Sources */ = {isa = PBXBuildFile; fileRef = 8FFC5B491F7CA7170031474F /* PaddingLabel.swift */; };
		E7B7E3DDFEF5DC14C25C5EF5 /* Pods_AirHockeyLightClient.framework in Frameworks */ = {isa = PBXBuildFile; fileRef = 7585740DC43877CD99CDDF6A /* Pods_AirHockeyLightClient.framework */; };
/* End PBXBuildFile section */

/* Begin PBXCopyFilesBuildPhase section */
		25DF9BBF1F9FA94A001E6DB2 /* Embed Frameworks */ = {
			isa = PBXCopyFilesBuildPhase;
			buildActionMask = 2147483647;
			dstPath = "";
			dstSubfolderSpec = 10;
			files = (
			);
			name = "Embed Frameworks";
			runOnlyForDeploymentPostprocessing = 0;
		};
/* End PBXCopyFilesBuildPhase section */

/* Begin PBXFileReference section */
		0EED627C1F9825B500CD8C56 /* NoeudMur.swift */ = {isa = PBXFileReference; fileEncoding = 4; lastKnownFileType = sourcecode.swift; name = NoeudMur.swift; path = Noyau/Arbre/Noeuds/NoeudMur.swift; sourceTree = "<group>"; };
		0EED627E1F982B3B00CD8C56 /* ModeleEtatCreerMuret.swift */ = {isa = PBXFileReference; fileEncoding = 4; lastKnownFileType = sourcecode.swift; name = ModeleEtatCreerMuret.swift; path = Noyau/Application/States/ModeleEtatCreerMuret.swift; sourceTree = "<group>"; };
		0EED62801F98301C00CD8C56 /* mur.obj */ = {isa = PBXFileReference; fileEncoding = 4; lastKnownFileType = text; path = mur.obj; sourceTree = "<group>"; };
		1D019A1D1F911DE2004D79B2 /* LoginViewController.swift */ = {isa = PBXFileReference; fileEncoding = 4; lastKnownFileType = sourcecode.swift; path = LoginViewController.swift; sourceTree = "<group>"; };
		1D019A1F1F911DF6004D79B2 /* Login.swift */ = {isa = PBXFileReference; fileEncoding = 4; lastKnownFileType = sourcecode.swift; path = Login.swift; sourceTree = "<group>"; };
		1D019A201F911DF6004D79B2 /* Signup.swift */ = {isa = PBXFileReference; fileEncoding = 4; lastKnownFileType = sourcecode.swift; path = Signup.swift; sourceTree = "<group>"; };
		1D019A251F911E25004D79B2 /* Dynamic.swift */ = {isa = PBXFileReference; fileEncoding = 4; lastKnownFileType = sourcecode.swift; path = Dynamic.swift; sourceTree = "<group>"; };
		1D019A281F911E33004D79B2 /* LoginViewModel.swift */ = {isa = PBXFileReference; fileEncoding = 4; lastKnownFileType = sourcecode.swift; path = LoginViewModel.swift; sourceTree = "<group>"; };
		1D019A2B1F911E49004D79B2 /* SignupViewModel.swift */ = {isa = PBXFileReference; fileEncoding = 4; lastKnownFileType = sourcecode.swift; path = SignupViewModel.swift; sourceTree = "<group>"; };
		1D019A2C1F911E49004D79B2 /* ISignupViewModel.swift */ = {isa = PBXFileReference; fileEncoding = 4; lastKnownFileType = sourcecode.swift; path = ISignupViewModel.swift; sourceTree = "<group>"; };
		1D019A2F1F911E78004D79B2 /* Http.swift */ = {isa = PBXFileReference; fileEncoding = 4; lastKnownFileType = sourcecode.swift; path = Http.swift; sourceTree = "<group>"; };
		1D3D77B61F981BCA0012EF12 /* MainViewController.swift */ = {isa = PBXFileReference; lastKnownFileType = sourcecode.swift; path = MainViewController.swift; sourceTree = "<group>"; };
		1D863DB01F9848E70025B89D /* OfflineMenuViewController.swift */ = {isa = PBXFileReference; lastKnownFileType = sourcecode.swift; path = OfflineMenuViewController.swift; sourceTree = "<group>"; };
		1D90AAFA1F98205A003E0764 /* ConnectServerViewController.swift */ = {isa = PBXFileReference; lastKnownFileType = sourcecode.swift; path = ConnectServerViewController.swift; sourceTree = "<group>"; };
		1D90AAFD1F98228E003E0764 /* IConnectServerViewModel.swift */ = {isa = PBXFileReference; lastKnownFileType = sourcecode.swift; path = IConnectServerViewModel.swift; sourceTree = "<group>"; };
		1D90AAFF1F982332003E0764 /* ConnectServerViewModel.swift */ = {isa = PBXFileReference; lastKnownFileType = sourcecode.swift; path = ConnectServerViewModel.swift; sourceTree = "<group>"; };
		1D90AB011F9824BE003E0764 /* ConnectServer.swift */ = {isa = PBXFileReference; lastKnownFileType = sourcecode.swift; path = ConnectServer.swift; sourceTree = "<group>"; };
		1DFE2E4B1F91A8FD0048892D /* SignupViewController.swift */ = {isa = PBXFileReference; lastKnownFileType = sourcecode.swift; path = SignupViewController.swift; sourceTree = "<group>"; };
		25163A881F9CE62500142418 /* ILoginViewModel.swift */ = {isa = PBXFileReference; lastKnownFileType = sourcecode.swift; path = ILoginViewModel.swift; sourceTree = "<group>"; };
		252EC9151FA80FAD008D119C /* EditionHub.swift */ = {isa = PBXFileReference; fileEncoding = 4; lastKnownFileType = sourcecode.swift; name = EditionHub.swift; path = InterfaceGraphique/Communication/EditionHub.swift; sourceTree = "<group>"; };
		253741AB1FA61B0C00E7DBE1 /* DBManager.swift */ = {isa = PBXFileReference; lastKnownFileType = sourcecode.swift; name = DBManager.swift; path = Noyau/Entities/DBManager.swift; sourceTree = "<group>"; };
		253E088B1F81858E009F301B /* UIViewShake.swift */ = {isa = PBXFileReference; lastKnownFileType = sourcecode.swift; name = UIViewShake.swift; path = InterfaceGraphique/Effects/UIViewShake.swift; sourceTree = "<group>"; };
		253E088D1F818DD2009F301B /* JsonHelper.swift */ = {isa = PBXFileReference; lastKnownFileType = sourcecode.swift; name = JsonHelper.swift; path = Noyau/Helper/JsonHelper.swift; sourceTree = "<group>"; };
		253E08901F81913A009F301B /* ChannelEntity.swift */ = {isa = PBXFileReference; lastKnownFileType = sourcecode.swift; name = ChannelEntity.swift; path = Noyau/Entities/ChannelEntity.swift; sourceTree = "<group>"; };
		25628B9C1FA79B940010B58D /* IMapViewModel.swift */ = {isa = PBXFileReference; fileEncoding = 4; lastKnownFileType = sourcecode.swift; path = IMapViewModel.swift; sourceTree = "<group>"; };
		25628B9E1FA79C070010B58D /* MapViewModel.swift */ = {isa = PBXFileReference; fileEncoding = 4; lastKnownFileType = sourcecode.swift; path = MapViewModel.swift; sourceTree = "<group>"; };
		25628BA01FA79CFF0010B58D /* Maps.swift */ = {isa = PBXFileReference; fileEncoding = 4; lastKnownFileType = sourcecode.swift; path = Maps.swift; sourceTree = "<group>"; };
		256539A81F9D643A00D81E2C /* MapEntity.swift */ = {isa = PBXFileReference; lastKnownFileType = sourcecode.swift; path = MapEntity.swift; sourceTree = "<group>"; };
		25F66FB41FA13071006CB47F /* VisiteurSauvegarde.swift */ = {isa = PBXFileReference; lastKnownFileType = sourcecode.swift; name = VisiteurSauvegarde.swift; path = Noyau/Arbre/Visiteurs/VisiteurSauvegarde.swift; sourceTree = "<group>"; };
		25F8091E1FA673050008F048 /* MapTableViewController.swift */ = {isa = PBXFileReference; fileEncoding = 4; lastKnownFileType = sourcecode.swift; name = MapTableViewController.swift; path = InterfaceGraphique/MapTableViewController.swift; sourceTree = "<group>"; };
		25F809221FA6A2680008F048 /* MapDisplayViewController.swift */ = {isa = PBXFileReference; fileEncoding = 4; lastKnownFileType = sourcecode.swift; path = MapDisplayViewController.swift; sourceTree = "<group>"; };
		25F809241FA6AB680008F048 /* CreateMapViewController.swift */ = {isa = PBXFileReference; fileEncoding = 4; lastKnownFileType = sourcecode.swift; path = CreateMapViewController.swift; sourceTree = "<group>"; };
		25FDE43A1FA80D4D0089D9FE /* HubManager.swift */ = {isa = PBXFileReference; fileEncoding = 4; lastKnownFileType = sourcecode.swift; name = HubManager.swift; path = InterfaceGraphique/Communication/HubManager.swift; sourceTree = "<group>"; };
		25FDE43C1FA80DA60089D9FE /* BaseHub.swift */ = {isa = PBXFileReference; fileEncoding = 4; lastKnownFileType = sourcecode.swift; name = BaseHub.swift; path = InterfaceGraphique/Communication/BaseHub.swift; sourceTree = "<group>"; };
		3415E6C11F8545B300DB1CAD /* NoeudCommun.swift */ = {isa = PBXFileReference; fileEncoding = 4; lastKnownFileType = sourcecode.swift; name = NoeudCommun.swift; path = Noyau/Arbre/Noeuds/NoeudCommun.swift; sourceTree = "<group>"; };
		3415E6C31F8547CE00DB1CAD /* ArbreRendu.swift */ = {isa = PBXFileReference; fileEncoding = 4; lastKnownFileType = sourcecode.swift; name = ArbreRendu.swift; path = Noyau/Arbre/ArbreRendu.swift; sourceTree = "<group>"; };
		3415E6C61F85649D00DB1CAD /* UsineAbstraite.swift */ = {isa = PBXFileReference; fileEncoding = 4; lastKnownFileType = sourcecode.swift; name = UsineAbstraite.swift; path = Noyau/Arbre/Usines/UsineAbstraite.swift; sourceTree = "<group>"; };
		3415E6C81F85659900DB1CAD /* UsineNoeud.swift */ = {isa = PBXFileReference; fileEncoding = 4; lastKnownFileType = sourcecode.swift; name = UsineNoeud.swift; path = Noyau/Arbre/Usines/UsineNoeud.swift; sourceTree = "<group>"; };
		3415E6D81F85A99500DB1CAD /* controlPoint.obj */ = {isa = PBXFileReference; fileEncoding = 4; lastKnownFileType = text; name = controlPoint.obj; path = ../../Exe/media/models/controlPoint.obj; sourceTree = "<group>"; };
		3415E6DA1F85C1F300DB1CAD /* NoeudPointControl.swift */ = {isa = PBXFileReference; fileEncoding = 4; lastKnownFileType = sourcecode.swift; name = NoeudPointControl.swift; path = Noyau/Arbre/Noeuds/NoeudPointControl.swift; sourceTree = "<group>"; };
		342E7C511F9859620062017A /* ModeleEtatCreerPortail.swift */ = {isa = PBXFileReference; fileEncoding = 4; lastKnownFileType = sourcecode.swift; name = ModeleEtatCreerPortail.swift; path = Noyau/Application/States/ModeleEtatCreerPortail.swift; sourceTree = "<group>"; };
		342E7C531F9859770062017A /* NoeudPortail.swift */ = {isa = PBXFileReference; fileEncoding = 4; lastKnownFileType = sourcecode.swift; name = NoeudPortail.swift; path = Noyau/Arbre/Noeuds/NoeudPortail.swift; sourceTree = "<group>"; };
		342E7C551F985AD50062017A /* portail.obj */ = {isa = PBXFileReference; fileEncoding = 4; lastKnownFileType = text; name = portail.obj; path = ../../Exe/media/models/portail.obj; sourceTree = "<group>"; };
		344A6E1B1F9908EB00CFFBEB /* Camera.png */ = {isa = PBXFileReference; lastKnownFileType = image.png; name = Camera.png; path = ../../Sources/Icons/Camera.png; sourceTree = "<group>"; };
		344A6E1D1F9908F500CFFBEB /* Cancel.png */ = {isa = PBXFileReference; lastKnownFileType = image.png; name = Cancel.png; path = ../../Sources/Icons/Cancel.png; sourceTree = "<group>"; };
		344A6E1F1F990ECA00CFFBEB /* accelerateur.obj */ = {isa = PBXFileReference; fileEncoding = 4; lastKnownFileType = text; name = accelerateur.obj; path = ../../Exe/media/models/accelerateur.obj; sourceTree = "<group>"; };
		344A6E211F99101700CFFBEB /* ModeleEtatCreerBoost.swift */ = {isa = PBXFileReference; fileEncoding = 4; lastKnownFileType = sourcecode.swift; name = ModeleEtatCreerBoost.swift; path = Noyau/Application/States/ModeleEtatCreerBoost.swift; sourceTree = "<group>"; };
		344A6E231F99112000CFFBEB /* NoeudAccelerateur.swift */ = {isa = PBXFileReference; fileEncoding = 4; lastKnownFileType = sourcecode.swift; name = NoeudAccelerateur.swift; path = Noyau/Arbre/Noeuds/NoeudAccelerateur.swift; sourceTree = "<group>"; };
		344A6E291F994E0100CFFBEB /* VisiteurSurTable.swift */ = {isa = PBXFileReference; fileEncoding = 4; lastKnownFileType = sourcecode.swift; name = VisiteurSurTable.swift; path = Noyau/Arbre/Visiteurs/VisiteurSurTable.swift; sourceTree = "<group>"; };
		344A6E2B1F994E0D00CFFBEB /* CollisionHelper.swift */ = {isa = PBXFileReference; fileEncoding = 4; lastKnownFileType = sourcecode.swift; name = CollisionHelper.swift; path = Noyau/Helper/CollisionHelper.swift; sourceTree = "<group>"; };
		3475C2271F8FAF8D00E8BF86 /* EditorHUDScene.sks */ = {isa = PBXFileReference; lastKnownFileType = file.sks; name = EditorHUDScene.sks; path = InterfaceGraphique/Editor/EditorHUDScene.sks; sourceTree = "<group>"; };
		3475C2281F8FAF8D00E8BF86 /* EditorHUDScene.swift */ = {isa = PBXFileReference; fileEncoding = 4; lastKnownFileType = sourcecode.swift; name = EditorHUDScene.swift; path = InterfaceGraphique/Editor/EditorHUDScene.swift; sourceTree = "<group>"; };
		3475C22E1F8FB9A100E8BF86 /* Booster.png */ = {isa = PBXFileReference; lastKnownFileType = image.png; name = Booster.png; path = ../../Sources/Icons/Booster.png; sourceTree = "<group>"; };
		3475C22F1F8FB9A100E8BF86 /* ControlPoint.png */ = {isa = PBXFileReference; lastKnownFileType = image.png; name = ControlPoint.png; path = ../../Sources/Icons/ControlPoint.png; sourceTree = "<group>"; };
		3475C2301F8FB9A100E8BF86 /* Duplicate.png */ = {isa = PBXFileReference; lastKnownFileType = image.png; name = Duplicate.png; path = ../../Sources/Icons/Duplicate.png; sourceTree = "<group>"; };
		3475C2311F8FB9A100E8BF86 /* Move.png */ = {isa = PBXFileReference; lastKnownFileType = image.png; name = Move.png; path = ../../Sources/Icons/Move.png; sourceTree = "<group>"; };
		3475C2321F8FB9A100E8BF86 /* Portal.png */ = {isa = PBXFileReference; lastKnownFileType = image.png; name = Portal.png; path = ../../Sources/Icons/Portal.png; sourceTree = "<group>"; };
		3475C2331F8FB9A100E8BF86 /* Resize.png */ = {isa = PBXFileReference; lastKnownFileType = image.png; name = Resize.png; path = ../../Sources/Icons/Resize.png; sourceTree = "<group>"; };
		3475C2341F8FB9A100E8BF86 /* Rotate.png */ = {isa = PBXFileReference; lastKnownFileType = image.png; name = Rotate.png; path = ../../Sources/Icons/Rotate.png; sourceTree = "<group>"; };
		3475C2351F8FB9A100E8BF86 /* Select.png */ = {isa = PBXFileReference; lastKnownFileType = image.png; name = Select.png; path = ../../Sources/Icons/Select.png; sourceTree = "<group>"; };
		3475C2361F8FB9A100E8BF86 /* Wall.png */ = {isa = PBXFileReference; lastKnownFileType = image.png; name = Wall.png; path = ../../Sources/Icons/Wall.png; sourceTree = "<group>"; };
		3475C2371F8FB9A100E8BF86 /* Zoom.png */ = {isa = PBXFileReference; lastKnownFileType = image.png; name = Zoom.png; path = ../../Sources/Icons/Zoom.png; sourceTree = "<group>"; };
		3475C2421F8FE71800E8BF86 /* ModeleEtatCameraControl.swift */ = {isa = PBXFileReference; fileEncoding = 4; lastKnownFileType = sourcecode.swift; name = ModeleEtatCameraControl.swift; path = Noyau/Application/States/ModeleEtatCameraControl.swift; sourceTree = "<group>"; };
		3475C2451F90144300E8BF86 /* ImmediatePanGestureRecognizer.swift */ = {isa = PBXFileReference; fileEncoding = 4; lastKnownFileType = sourcecode.swift; name = ImmediatePanGestureRecognizer.swift; path = InterfaceGraphique/Gestures/ImmediatePanGestureRecognizer.swift; sourceTree = "<group>"; };
		3497C3241F9FECA600C58700 /* ModeleEtatDuplication.swift */ = {isa = PBXFileReference; fileEncoding = 4; lastKnownFileType = sourcecode.swift; name = ModeleEtatDuplication.swift; path = Noyau/Application/States/ModeleEtatDuplication.swift; sourceTree = "<group>"; };
		3497C3261F9FF3C300C58700 /* VisiteurDuplication.swift */ = {isa = PBXFileReference; fileEncoding = 4; lastKnownFileType = sourcecode.swift; name = VisiteurDuplication.swift; path = Noyau/Arbre/Visiteurs/VisiteurDuplication.swift; sourceTree = "<group>"; };
		34B66FD81F8428EA00A9CCB9 /* NoeudTable.swift */ = {isa = PBXFileReference; fileEncoding = 4; lastKnownFileType = sourcecode.swift; name = NoeudTable.swift; path = Noyau/Arbre/Noeuds/NoeudTable.swift; sourceTree = "<group>"; };
		34B66FDB1F843CD300A9CCB9 /* fire_texture.png */ = {isa = PBXFileReference; lastKnownFileType = image.png; name = fire_texture.png; path = ../../Exe/media/textures/fire_texture.png; sourceTree = "<group>"; };
		34B66FDF1F844C2100A9CCB9 /* table_texture.png */ = {isa = PBXFileReference; lastKnownFileType = image.png; name = table_texture.png; path = ../../Exe/media/textures/table_texture.png; sourceTree = "<group>"; };
		34B66FE11F84599100A9CCB9 /* But.swift */ = {isa = PBXFileReference; fileEncoding = 4; lastKnownFileType = sourcecode.swift; name = But.swift; path = Noyau/Arbre/Noeuds/But.swift; sourceTree = "<group>"; };
		34B66FE31F84636900A9CCB9 /* NoeudBut.swift */ = {isa = PBXFileReference; fileEncoding = 4; lastKnownFileType = sourcecode.swift; name = NoeudBut.swift; path = Noyau/Arbre/Noeuds/NoeudBut.swift; sourceTree = "<group>"; };
		34B965CD1FA26EDE00BD17CC /* GeneralPropertiesViewController.swift */ = {isa = PBXFileReference; fileEncoding = 4; lastKnownFileType = sourcecode.swift; name = GeneralPropertiesViewController.swift; path = InterfaceGraphique/Editor/GeneralPropertiesViewController.swift; sourceTree = "<group>"; };
		34B965CF1FA2976600BD17CC /* GeneralProperties.swift */ = {isa = PBXFileReference; fileEncoding = 4; lastKnownFileType = sourcecode.swift; name = GeneralProperties.swift; path = Noyau/Model/GeneralProperties.swift; sourceTree = "<group>"; };
		34C16BC11FAA783700908983 /* ChatHub.swift */ = {isa = PBXFileReference; fileEncoding = 4; lastKnownFileType = sourcecode.swift; name = ChatHub.swift; path = InterfaceGraphique/Communication/ChatHub.swift; sourceTree = "<group>"; };
		4BC65514BAA095CA955FDC5C /* Pods-AirHockeyLightClient.release.xcconfig */ = {isa = PBXFileReference; includeInIndex = 1; lastKnownFileType = text.xcconfig; name = "Pods-AirHockeyLightClient.release.xcconfig"; path = "Pods/Target Support Files/Pods-AirHockeyLightClient/Pods-AirHockeyLightClient.release.xcconfig"; sourceTree = "<group>"; };
		628E0B24C7327005FBC765AC /* Pods-AirHockeyLightClient.debug.xcconfig */ = {isa = PBXFileReference; includeInIndex = 1; lastKnownFileType = text.xcconfig; name = "Pods-AirHockeyLightClient.debug.xcconfig"; path = "Pods/Target Support Files/Pods-AirHockeyLightClient/Pods-AirHockeyLightClient.debug.xcconfig"; sourceTree = "<group>"; };
		7585740DC43877CD99CDDF6A /* Pods_AirHockeyLightClient.framework */ = {isa = PBXFileReference; explicitFileType = wrapper.framework; includeInIndex = 0; path = Pods_AirHockeyLightClient.framework; sourceTree = BUILT_PRODUCTS_DIR; };
		8F0B94AB1F8D3EEE007F0E82 /* VisiteurAbstrait.swift */ = {isa = PBXFileReference; fileEncoding = 4; lastKnownFileType = sourcecode.swift; name = VisiteurAbstrait.swift; path = Noyau/Arbre/Visiteurs/VisiteurAbstrait.swift; sourceTree = "<group>"; };
		8F0B94AD1F8D450B007F0E82 /* VisiteurSelectionnable.swift */ = {isa = PBXFileReference; fileEncoding = 4; lastKnownFileType = sourcecode.swift; name = VisiteurSelectionnable.swift; path = Noyau/Arbre/Visiteurs/VisiteurSelectionnable.swift; sourceTree = "<group>"; };
		8F0B94B11F8D4BCE007F0E82 /* ModeleEtat.swift */ = {isa = PBXFileReference; fileEncoding = 4; lastKnownFileType = sourcecode.swift; name = ModeleEtat.swift; path = Noyau/Application/States/ModeleEtat.swift; sourceTree = "<group>"; };
		8F0B94B31F8D4EC1007F0E82 /* ModeleEtatSelection.swift */ = {isa = PBXFileReference; fileEncoding = 4; lastKnownFileType = sourcecode.swift; name = ModeleEtatSelection.swift; path = Noyau/Application/States/ModeleEtatSelection.swift; sourceTree = "<group>"; };
		8F0B94B51F8D5C25007F0E82 /* FacadeModele.swift */ = {isa = PBXFileReference; fileEncoding = 4; lastKnownFileType = sourcecode.swift; name = FacadeModele.swift; path = Noyau/Application/FacadeModele.swift; sourceTree = "<group>"; };
		8F0B94B71F8D7F11007F0E82 /* ModeleEtatPointControl.swift */ = {isa = PBXFileReference; fileEncoding = 4; lastKnownFileType = sourcecode.swift; name = ModeleEtatPointControl.swift; path = Noyau/Application/States/ModeleEtatPointControl.swift; sourceTree = "<group>"; };
		8F0B94B91F8D8C95007F0E82 /* ModeleEtatDeplacement.swift */ = {isa = PBXFileReference; fileEncoding = 4; lastKnownFileType = sourcecode.swift; name = ModeleEtatDeplacement.swift; path = Noyau/Application/States/ModeleEtatDeplacement.swift; sourceTree = "<group>"; };
		8F0B94BB1F8D8EA6007F0E82 /* VisiteurDeplacement.swift */ = {isa = PBXFileReference; fileEncoding = 4; lastKnownFileType = sourcecode.swift; name = VisiteurDeplacement.swift; path = Noyau/Arbre/Visiteurs/VisiteurDeplacement.swift; sourceTree = "<group>"; };
		8F0B94BD1F8DC0F1007F0E82 /* VisiteurSelection.swift */ = {isa = PBXFileReference; fileEncoding = 4; lastKnownFileType = sourcecode.swift; name = VisiteurSelection.swift; path = Noyau/Arbre/Visiteurs/VisiteurSelection.swift; sourceTree = "<group>"; };
		8F1B4BD61FA65C3C005321AF /* VisiteurInformation.swift */ = {isa = PBXFileReference; fileEncoding = 4; lastKnownFileType = sourcecode.swift; name = VisiteurInformation.swift; path = Noyau/Arbre/Visiteurs/VisiteurInformation.swift; sourceTree = "<group>"; };
		8F1D52A71F9D972400135A53 /* ModeleEtatScale.swift */ = {isa = PBXFileReference; fileEncoding = 4; lastKnownFileType = sourcecode.swift; name = ModeleEtatScale.swift; path = Noyau/Application/States/ModeleEtatScale.swift; sourceTree = "<group>"; };
		8F1D52A91F9D99C700135A53 /* VisiteurScale.swift */ = {isa = PBXFileReference; fileEncoding = 4; lastKnownFileType = sourcecode.swift; name = VisiteurScale.swift; path = Noyau/Arbre/Visiteurs/VisiteurScale.swift; sourceTree = "<group>"; };
		8F27E8101FA1803400A8856D /* Tap.png */ = {isa = PBXFileReference; lastKnownFileType = image.png; name = Tap.png; path = ../../Sources/Icons/Tap.png; sourceTree = "<group>"; };
		8F4D5E3B1FA060140002D5C5 /* Delete.png */ = {isa = PBXFileReference; lastKnownFileType = image.png; name = Delete.png; path = ../../Sources/Icons/Delete.png; sourceTree = "<group>"; };
		8F64C0101F7754EF00F14AC7 /* ChatViewController.swift */ = {isa = PBXFileReference; fileEncoding = 4; lastKnownFileType = sourcecode.swift; name = ChatViewController.swift; path = InterfaceGraphique/Chat/ChatViewController.swift; sourceTree = "<group>"; };
		8F64C0121F7754FD00F14AC7 /* LaunchScreen.storyboard */ = {isa = PBXFileReference; fileEncoding = 4; lastKnownFileType = file.storyboard; name = LaunchScreen.storyboard; path = InterfaceGraphique/Menus/LaunchScreen.storyboard; sourceTree = "<group>"; };
		8F64C0141F77550800F14AC7 /* Main.storyboard */ = {isa = PBXFileReference; fileEncoding = 4; lastKnownFileType = file.storyboard; name = Main.storyboard; path = InterfaceGraphique/Main.storyboard; sourceTree = "<group>"; };
		8F64C0161F775B2500F14AC7 /* AuthentificationViewController.swift */ = {isa = PBXFileReference; fileEncoding = 4; lastKnownFileType = sourcecode.swift; name = AuthentificationViewController.swift; path = InterfaceGraphique/Menus/AuthentificationViewController.swift; sourceTree = "<group>"; };
		8F65B2841FAE264100D8EE20 /* OnlineUser.swift */ = {isa = PBXFileReference; fileEncoding = 4; lastKnownFileType = sourcecode.swift; name = OnlineUser.swift; path = User/OnlineUser.swift; sourceTree = "<group>"; };
		8F65B2861FAE265F00D8EE20 /* UserManager.swift */ = {isa = PBXFileReference; fileEncoding = 4; lastKnownFileType = sourcecode.swift; name = UserManager.swift; path = User/UserManager.swift; sourceTree = "<group>"; };
		8F65B2881FAE321C00D8EE20 /* VisiteurByUUID.swift */ = {isa = PBXFileReference; fileEncoding = 4; lastKnownFileType = sourcecode.swift; name = VisiteurByUUID.swift; path = Noyau/Arbre/Visiteurs/VisiteurByUUID.swift; sourceTree = "<group>"; };
		8F65B28A1FAE55C200D8EE20 /* NodeCreator.swift */ = {isa = PBXFileReference; fileEncoding = 4; lastKnownFileType = sourcecode.swift; name = NodeCreator.swift; path = Noyau/Arbre/NodeCreator.swift; sourceTree = "<group>"; };
		8F65B28D1FAE600700D8EE20 /* EditionCommand.swift */ = {isa = PBXFileReference; fileEncoding = 4; lastKnownFileType = sourcecode.swift; name = EditionCommand.swift; path = Noyau/Editor/Commands/EditionCommand.swift; sourceTree = "<group>"; };
		8F65B28E1FAE600700D8EE20 /* PortalCommand.swift */ = {isa = PBXFileReference; fileEncoding = 4; lastKnownFileType = sourcecode.swift; name = PortalCommand.swift; path = Noyau/Editor/Commands/PortalCommand.swift; sourceTree = "<group>"; };
		8F65B2911FAE603300D8EE20 /* EditorState.swift */ = {isa = PBXFileReference; fileEncoding = 4; lastKnownFileType = sourcecode.swift; name = EditorState.swift; path = Noyau/Editor/States/EditorState.swift; sourceTree = "<group>"; };
		8F65B2931FAE612F00D8EE20 /* OfflineEditorState.swift */ = {isa = PBXFileReference; fileEncoding = 4; lastKnownFileType = sourcecode.swift; name = OfflineEditorState.swift; path = Noyau/Editor/States/OfflineEditorState.swift; sourceTree = "<group>"; };
		8F65B2951FAE614500D8EE20 /* OnlineEditorState.swift */ = {isa = PBXFileReference; fileEncoding = 4; lastKnownFileType = sourcecode.swift; name = OnlineEditorState.swift; path = Noyau/Editor/States/OnlineEditorState.swift; sourceTree = "<group>"; };
		8F690D5F1F9D5244003F051A /* VisiteurObtenirSelection.swift */ = {isa = PBXFileReference; fileEncoding = 4; lastKnownFileType = sourcecode.swift; name = VisiteurObtenirSelection.swift; path = Noyau/Arbre/Visiteurs/VisiteurObtenirSelection.swift; sourceTree = "<group>"; };
		8F690D611F9D5E7F003F051A /* ModeleEtatRotation.swift */ = {isa = PBXFileReference; fileEncoding = 4; lastKnownFileType = sourcecode.swift; name = ModeleEtatRotation.swift; path = Noyau/Application/States/ModeleEtatRotation.swift; sourceTree = "<group>"; };
		8F69F4BE1F8AF871004D5129 /* MathHelper.swift */ = {isa = PBXFileReference; fileEncoding = 4; lastKnownFileType = sourcecode.swift; name = MathHelper.swift; path = Noyau/Helper/MathHelper.swift; sourceTree = "<group>"; };
		8F6AE2B81F6592EB00A29E8B /* AirHockeyLightClient.app */ = {isa = PBXFileReference; explicitFileType = wrapper.application; includeInIndex = 0; path = AirHockeyLightClient.app; sourceTree = BUILT_PRODUCTS_DIR; };
		8F6AE2BB1F6592EB00A29E8B /* AppDelegate.swift */ = {isa = PBXFileReference; lastKnownFileType = sourcecode.swift; path = AppDelegate.swift; sourceTree = "<group>"; };
		8F6AE2BD1F6592EB00A29E8B /* GameScene.sks */ = {isa = PBXFileReference; lastKnownFileType = file.sks; path = GameScene.sks; sourceTree = "<group>"; };
		8F6AE2BF1F6592EB00A29E8B /* Actions.sks */ = {isa = PBXFileReference; lastKnownFileType = file.sks; path = Actions.sks; sourceTree = "<group>"; };
		8F6AE2C11F6592EB00A29E8B /* GameScene.swift */ = {isa = PBXFileReference; lastKnownFileType = sourcecode.swift; path = GameScene.swift; sourceTree = "<group>"; };
		8F6AE2C81F6592EB00A29E8B /* Assets.xcassets */ = {isa = PBXFileReference; lastKnownFileType = folder.assetcatalog; path = Assets.xcassets; sourceTree = "<group>"; };
		8F6AE2CD1F6592EB00A29E8B /* Info.plist */ = {isa = PBXFileReference; lastKnownFileType = text.plist.xml; path = Info.plist; sourceTree = "<group>"; };
		8F76FC0E1F9CF990001BBC99 /* SCNodeHelper.swift */ = {isa = PBXFileReference; fileEncoding = 4; lastKnownFileType = sourcecode.swift; name = SCNodeHelper.swift; path = Noyau/Helper/SCNodeHelper.swift; sourceTree = "<group>"; };
		8F7F0BC71FA6CFDA00C4F022 /* ObjectPropertiesView.swift */ = {isa = PBXFileReference; fileEncoding = 4; lastKnownFileType = sourcecode.swift; name = ObjectPropertiesView.swift; path = InterfaceGraphique/Editor/ObjectPropertiesView.swift; sourceTree = "<group>"; };
		8F8706B81F7892BB000E6824 /* Entity.swift */ = {isa = PBXFileReference; fileEncoding = 4; lastKnownFileType = sourcecode.swift; name = Entity.swift; path = Noyau/Entities/Entity.swift; sourceTree = "<group>"; };
		8F8706BA1F7892F2000E6824 /* ChatMessageEntity.swift */ = {isa = PBXFileReference; fileEncoding = 4; lastKnownFileType = sourcecode.swift; name = ChatMessageEntity.swift; path = Noyau/Entities/ChatMessageEntity.swift; sourceTree = "<group>"; };
		8F8706BC1F78A67F000E6824 /* ChannelViewController.swift */ = {isa = PBXFileReference; fileEncoding = 4; lastKnownFileType = sourcecode.swift; name = ChannelViewController.swift; path = InterfaceGraphique/Chat/ChannelViewController.swift; sourceTree = "<group>"; };
		8F97A3831FA2C8BD00421FDC /* GeneralPropertiesViewModel.swift */ = {isa = PBXFileReference; fileEncoding = 4; lastKnownFileType = sourcecode.swift; name = GeneralPropertiesViewModel.swift; path = InterfaceGraphique/ViewModel/GeneralProperties/GeneralPropertiesViewModel.swift; sourceTree = "<group>"; };
		8F97A3841FA2C8BD00421FDC /* IGeneralPropertiesViewModel.swift */ = {isa = PBXFileReference; fileEncoding = 4; lastKnownFileType = sourcecode.swift; name = IGeneralPropertiesViewModel.swift; path = InterfaceGraphique/ViewModel/GeneralProperties/IGeneralPropertiesViewModel.swift; sourceTree = "<group>"; };
		8FB6A9941F81B9C800FAFFCF /* EditorViewController.swift */ = {isa = PBXFileReference; fileEncoding = 4; lastKnownFileType = sourcecode.swift; name = EditorViewController.swift; path = InterfaceGraphique/Editor/EditorViewController.swift; sourceTree = "<group>"; };
		8FB6A9C91F81E38300FAFFCF /* Table.swift */ = {isa = PBXFileReference; fileEncoding = 4; lastKnownFileType = sourcecode.swift; name = Table.swift; path = Noyau/Arbre/Noeuds/Table.swift; sourceTree = "<group>"; };
		8FCDF6171FA1BEDF00631551 /* EditorNotificationScene.sks */ = {isa = PBXFileReference; lastKnownFileType = file.sks; name = EditorNotificationScene.sks; path = InterfaceGraphique/Editor/EditorNotificationScene.sks; sourceTree = "<group>"; };
		8FCDF6181FA1BEDF00631551 /* EditorNotificationScene.swift */ = {isa = PBXFileReference; fileEncoding = 4; lastKnownFileType = sourcecode.swift; name = EditorNotificationScene.swift; path = InterfaceGraphique/Editor/EditorNotificationScene.swift; sourceTree = "<group>"; };
		8FFC5B471F7C90340031474F /* MessageViewCell.swift */ = {isa = PBXFileReference; fileEncoding = 4; lastKnownFileType = sourcecode.swift; name = MessageViewCell.swift; path = InterfaceGraphique/Chat/MessageViewCell.swift; sourceTree = "<group>"; };
		8FFC5B491F7CA7170031474F /* PaddingLabel.swift */ = {isa = PBXFileReference; fileEncoding = 4; lastKnownFileType = sourcecode.swift; name = PaddingLabel.swift; path = InterfaceGraphique/Chat/PaddingLabel.swift; sourceTree = "<group>"; };
/* End PBXFileReference section */

/* Begin PBXFrameworksBuildPhase section */
		8F6AE2B51F6592EB00A29E8B /* Frameworks */ = {
			isa = PBXFrameworksBuildPhase;
			buildActionMask = 2147483647;
			files = (
				E7B7E3DDFEF5DC14C25C5EF5 /* Pods_AirHockeyLightClient.framework in Frameworks */,
			);
			runOnlyForDeploymentPostprocessing = 0;
		};
/* End PBXFrameworksBuildPhase section */

/* Begin PBXGroup section */
		0EE1745C1FA92CF70090C45A /* Commands */ = {
			isa = PBXGroup;
			children = (
				8F65B28D1FAE600700D8EE20 /* EditionCommand.swift */,
				8F65B28E1FAE600700D8EE20 /* PortalCommand.swift */,
			);
			name = Commands;
			sourceTree = "<group>";
		};
		1D019A311F911EDC004D79B2 /* View */ = {
			isa = PBXGroup;
			children = (
				8F0FFED71F6EB8C500366D8E /* Chat */,
				8FB6A9931F81B9AA00FAFFCF /* Editor */,
				25FDE4391FA80C620089D9FE /* Map */,
				8F0FFED91F6EB96900366D8E /* Menus */,
			);
			name = View;
			sourceTree = "<group>";
		};
		1D019A331F911EEF004D79B2 /* ViewModel */ = {
			isa = PBXGroup;
			children = (
				1D019A251F911E25004D79B2 /* Dynamic.swift */,
				25628B9B1FA79B570010B58D /* Map */,
				34B965D31FA29AB300BD17CC /* GeneralProperties */,
				1D90AAFC1F982277003E0764 /* ConnectServer */,
				1D019A351F911F08004D79B2 /* Signup */,
				1D019A341F911EF7004D79B2 /* Login */,
			);
			name = ViewModel;
			sourceTree = "<group>";
		};
		1D019A341F911EF7004D79B2 /* Login */ = {
			isa = PBXGroup;
			children = (
				1D019A281F911E33004D79B2 /* LoginViewModel.swift */,
				25163A881F9CE62500142418 /* ILoginViewModel.swift */,
			);
			name = Login;
			sourceTree = "<group>";
		};
		1D019A351F911F08004D79B2 /* Signup */ = {
			isa = PBXGroup;
			children = (
				1D019A2B1F911E49004D79B2 /* SignupViewModel.swift */,
				1D019A2C1F911E49004D79B2 /* ISignupViewModel.swift */,
			);
			name = Signup;
			sourceTree = "<group>";
		};
		1D019A381F911F1E004D79B2 /* Model */ = {
			isa = PBXGroup;
			children = (
				1D90AB011F9824BE003E0764 /* ConnectServer.swift */,
				34B965CF1FA2976600BD17CC /* GeneralProperties.swift */,
				1D019A1F1F911DF6004D79B2 /* Login.swift */,
				25628BA01FA79CFF0010B58D /* Maps.swift */,
				1D019A201F911DF6004D79B2 /* Signup.swift */,
			);
			name = Model;
			sourceTree = "<group>";
		};
		1D90AAFC1F982277003E0764 /* ConnectServer */ = {
			isa = PBXGroup;
			children = (
				1D90AAFD1F98228E003E0764 /* IConnectServerViewModel.swift */,
				1D90AAFF1F982332003E0764 /* ConnectServerViewModel.swift */,
			);
			name = ConnectServer;
			sourceTree = "<group>";
		};
		253E088A1F818544009F301B /* Effects */ = {
			isa = PBXGroup;
			children = (
				253E088B1F81858E009F301B /* UIViewShake.swift */,
			);
			name = Effects;
			sourceTree = "<group>";
		};
		253E088F1F818DE1009F301B /* Helper */ = {
			isa = PBXGroup;
			children = (
				344A6E2B1F994E0D00CFFBEB /* CollisionHelper.swift */,
				253E088D1F818DD2009F301B /* JsonHelper.swift */,
				8F69F4BE1F8AF871004D5129 /* MathHelper.swift */,
				8F76FC0E1F9CF990001BBC99 /* SCNodeHelper.swift */,
			);
			name = Helper;
			sourceTree = "<group>";
		};
		25628B9B1FA79B570010B58D /* Map */ = {
			isa = PBXGroup;
			children = (
				25628B9C1FA79B940010B58D /* IMapViewModel.swift */,
				25628B9E1FA79C070010B58D /* MapViewModel.swift */,
			);
			name = Map;
			sourceTree = "<group>";
		};
		25FDE4391FA80C620089D9FE /* Map */ = {
			isa = PBXGroup;
			children = (
				25F809241FA6AB680008F048 /* CreateMapViewController.swift */,
				25F8091E1FA673050008F048 /* MapTableViewController.swift */,
				25F809221FA6A2680008F048 /* MapDisplayViewController.swift */,
			);
			name = Map;
			sourceTree = "<group>";
		};
		3085577F2BC9CDF3683F45B9 /* Pods */ = {
			isa = PBXGroup;
			children = (
				628E0B24C7327005FBC765AC /* Pods-AirHockeyLightClient.debug.xcconfig */,
				4BC65514BAA095CA955FDC5C /* Pods-AirHockeyLightClient.release.xcconfig */,
			);
			name = Pods;
			path = ..;
			sourceTree = "<group>";
		};
		3415E6C51F85646B00DB1CAD /* Usines */ = {
			isa = PBXGroup;
			children = (
				3415E6C61F85649D00DB1CAD /* UsineAbstraite.swift */,
				3415E6C81F85659900DB1CAD /* UsineNoeud.swift */,
			);
			name = Usines;
			sourceTree = "<group>";
		};
		3475C22D1F8FB98500E8BF86 /* Icons */ = {
			isa = PBXGroup;
			children = (
				3475C22E1F8FB9A100E8BF86 /* Booster.png */,
				344A6E1B1F9908EB00CFFBEB /* Camera.png */,
				344A6E1D1F9908F500CFFBEB /* Cancel.png */,
				3475C22F1F8FB9A100E8BF86 /* ControlPoint.png */,
				8F4D5E3B1FA060140002D5C5 /* Delete.png */,
				3475C2301F8FB9A100E8BF86 /* Duplicate.png */,
				3475C2311F8FB9A100E8BF86 /* Move.png */,
				3475C2321F8FB9A100E8BF86 /* Portal.png */,
				3475C2331F8FB9A100E8BF86 /* Resize.png */,
				3475C2341F8FB9A100E8BF86 /* Rotate.png */,
				3475C2351F8FB9A100E8BF86 /* Select.png */,
				8F27E8101FA1803400A8856D /* Tap.png */,
				3475C2361F8FB9A100E8BF86 /* Wall.png */,
				3475C2371F8FB9A100E8BF86 /* Zoom.png */,
			);
			name = Icons;
			sourceTree = "<group>";
		};
		3475C2441F90142600E8BF86 /* Gestures */ = {
			isa = PBXGroup;
			children = (
				3475C2451F90144300E8BF86 /* ImmediatePanGestureRecognizer.swift */,
			);
			name = Gestures;
			sourceTree = "<group>";
		};
		34B66FDA1F843CC100A9CCB9 /* Textures */ = {
			isa = PBXGroup;
			children = (
				34B66FDB1F843CD300A9CCB9 /* fire_texture.png */,
				34B66FDF1F844C2100A9CCB9 /* table_texture.png */,
			);
			name = Textures;
			sourceTree = "<group>";
		};
		34B965D31FA29AB300BD17CC /* GeneralProperties */ = {
			isa = PBXGroup;
			children = (
				8F97A3831FA2C8BD00421FDC /* GeneralPropertiesViewModel.swift */,
				8F97A3841FA2C8BD00421FDC /* IGeneralPropertiesViewModel.swift */,
			);
			name = GeneralProperties;
			sourceTree = "<group>";
		};
		63B9F5E76BF43EF82631DFF3 /* Frameworks */ = {
			isa = PBXGroup;
			children = (
				7585740DC43877CD99CDDF6A /* Pods_AirHockeyLightClient.framework */,
			);
			name = Frameworks;
			path = ..;
			sourceTree = "<group>";
		};
		8F0B94AA1F8D3ECA007F0E82 /* Visiteurs */ = {
			isa = PBXGroup;
			children = (
				8F0B94AB1F8D3EEE007F0E82 /* VisiteurAbstrait.swift */,
				8F65B2881FAE321C00D8EE20 /* VisiteurByUUID.swift */,
				8F0B94BB1F8D8EA6007F0E82 /* VisiteurDeplacement.swift */,
				3497C3261F9FF3C300C58700 /* VisiteurDuplication.swift */,
				8F1B4BD61FA65C3C005321AF /* VisiteurInformation.swift */,
				8F690D5F1F9D5244003F051A /* VisiteurObtenirSelection.swift */,
				8F1D52A91F9D99C700135A53 /* VisiteurScale.swift */,
				8F0B94BD1F8DC0F1007F0E82 /* VisiteurSelection.swift */,
				8F0B94AD1F8D450B007F0E82 /* VisiteurSelectionnable.swift */,
				344A6E291F994E0100CFFBEB /* VisiteurSurTable.swift */,
				25F66FB41FA13071006CB47F /* VisiteurSauvegarde.swift */,
			);
			name = Visiteurs;
			sourceTree = "<group>";
		};
		8F0B94AF1F8D4B9D007F0E82 /* Application */ = {
			isa = PBXGroup;
			children = (
				8F0B94B01F8D4BA4007F0E82 /* States */,
				8F0B94B51F8D5C25007F0E82 /* FacadeModele.swift */,
			);
			name = Application;
			sourceTree = "<group>";
		};
		8F0B94B01F8D4BA4007F0E82 /* States */ = {
			isa = PBXGroup;
			children = (
				8F0B94B11F8D4BCE007F0E82 /* ModeleEtat.swift */,
				3475C2421F8FE71800E8BF86 /* ModeleEtatCameraControl.swift */,
				8F0B94B31F8D4EC1007F0E82 /* ModeleEtatSelection.swift */,
				8F0B94B91F8D8C95007F0E82 /* ModeleEtatDeplacement.swift */,
				8F690D611F9D5E7F003F051A /* ModeleEtatRotation.swift */,
				8F1D52A71F9D972400135A53 /* ModeleEtatScale.swift */,
				3497C3241F9FECA600C58700 /* ModeleEtatDuplication.swift */,
				8F0B94B71F8D7F11007F0E82 /* ModeleEtatPointControl.swift */,
				344A6E211F99101700CFFBEB /* ModeleEtatCreerBoost.swift */,
				342E7C511F9859620062017A /* ModeleEtatCreerPortail.swift */,
				0EED627E1F982B3B00CD8C56 /* ModeleEtatCreerMuret.swift */,
			);
			name = States;
			sourceTree = "<group>";
		};
		8F0FFED41F6EB8A600366D8E /* InterfaceGraphique */ = {
			isa = PBXGroup;
			children = (
				8F64C0121F7754FD00F14AC7 /* LaunchScreen.storyboard */,
				8F64C0141F77550800F14AC7 /* Main.storyboard */,
				8FB6A9C31F81DCA000FAFFCF /* Assets */,
				253E088A1F818544009F301B /* Effects */,
				3475C2441F90142600E8BF86 /* Gestures */,
				1D019A311F911EDC004D79B2 /* View */,
				1D019A331F911EEF004D79B2 /* ViewModel */,
			);
			name = InterfaceGraphique;
			sourceTree = "<group>";
		};
		8F0FFED51F6EB8B100366D8E /* Noyau */ = {
			isa = PBXGroup;
			children = (
				8F0B94AF1F8D4B9D007F0E82 /* Application */,
				8FB6A9C71F81E35D00FAFFCF /* Arbre */,
				8FE1EB031F75A90D00A01514 /* Communication */,
				8F65B2801FAE1B0700D8EE20 /* Editor */,
				8F8706B71F789266000E6824 /* Entities */,
				253E088F1F818DE1009F301B /* Helper */,
				1D019A381F911F1E004D79B2 /* Model */,
				8F65B2831FAE260500D8EE20 /* User */,
			);
			name = Noyau;
			sourceTree = "<group>";
		};
		8F0FFED61F6EB8B800366D8E /* Utilitaire */ = {
			isa = PBXGroup;
			children = (
				3085577F2BC9CDF3683F45B9 /* Pods */,
				63B9F5E76BF43EF82631DFF3 /* Frameworks */,
			);
			name = Utilitaire;
			sourceTree = "<group>";
		};
		8F0FFED71F6EB8C500366D8E /* Chat */ = {
			isa = PBXGroup;
			children = (
				8FFC5B4B1F7CAC0A0031474F /* UI */,
				8F64C0101F7754EF00F14AC7 /* ChatViewController.swift */,
				8F8706BC1F78A67F000E6824 /* ChannelViewController.swift */,
			);
			name = Chat;
			sourceTree = "<group>";
		};
		8F0FFED91F6EB96900366D8E /* Menus */ = {
			isa = PBXGroup;
			children = (
				8F64C0161F775B2500F14AC7 /* AuthentificationViewController.swift */,
				1D019A1D1F911DE2004D79B2 /* LoginViewController.swift */,
				1DFE2E4B1F91A8FD0048892D /* SignupViewController.swift */,
				1D3D77B61F981BCA0012EF12 /* MainViewController.swift */,
				1D90AAFA1F98205A003E0764 /* ConnectServerViewController.swift */,
				1D863DB01F9848E70025B89D /* OfflineMenuViewController.swift */,
			);
			name = Menus;
			sourceTree = "<group>";
		};
		8F65B2801FAE1B0700D8EE20 /* Editor */ = {
			isa = PBXGroup;
			children = (
				0EE1745C1FA92CF70090C45A /* Commands */,
				8F65B28C1FAE5F6B00D8EE20 /* States */,
			);
			name = Editor;
			sourceTree = "<group>";
		};
		8F65B2831FAE260500D8EE20 /* User */ = {
			isa = PBXGroup;
			children = (
				8F65B2861FAE265F00D8EE20 /* UserManager.swift */,
				8F65B2841FAE264100D8EE20 /* OnlineUser.swift */,
			);
			name = User;
			sourceTree = "<group>";
		};
		8F65B28C1FAE5F6B00D8EE20 /* States */ = {
			isa = PBXGroup;
			children = (
				8F65B2911FAE603300D8EE20 /* EditorState.swift */,
				8F65B2931FAE612F00D8EE20 /* OfflineEditorState.swift */,
				8F65B2951FAE614500D8EE20 /* OnlineEditorState.swift */,
			);
			name = States;
			sourceTree = "<group>";
		};
		8F6AE2AF1F6592EB00A29E8B = {
			isa = PBXGroup;
			children = (
				8F6AE2BA1F6592EB00A29E8B /* AirHockeyLightClient */,
				8F6AE2B91F6592EB00A29E8B /* Products */,
			);
			sourceTree = "<group>";
		};
		8F6AE2B91F6592EB00A29E8B /* Products */ = {
			isa = PBXGroup;
			children = (
				8F6AE2B81F6592EB00A29E8B /* AirHockeyLightClient.app */,
			);
			name = Products;
			sourceTree = "<group>";
		};
		8F6AE2BA1F6592EB00A29E8B /* AirHockeyLightClient */ = {
			isa = PBXGroup;
			children = (
				8F0FFED61F6EB8B800366D8E /* Utilitaire */,
				8F0FFED51F6EB8B100366D8E /* Noyau */,
				8F0FFED41F6EB8A600366D8E /* InterfaceGraphique */,
				8F6AE2BB1F6592EB00A29E8B /* AppDelegate.swift */,
				8F6AE2BF1F6592EB00A29E8B /* Actions.sks */,
				8F6AE2BD1F6592EB00A29E8B /* GameScene.sks */,
				8F6AE2C11F6592EB00A29E8B /* GameScene.swift */,
				8F6AE2C81F6592EB00A29E8B /* Assets.xcassets */,
				8F6AE2CD1F6592EB00A29E8B /* Info.plist */,
			);
			path = AirHockeyLightClient;
			sourceTree = "<group>";
		};
		8F8706B71F789266000E6824 /* Entities */ = {
			isa = PBXGroup;
			children = (
				8F8706B81F7892BB000E6824 /* Entity.swift */,
				8F8706BA1F7892F2000E6824 /* ChatMessageEntity.swift */,
				253E08901F81913A009F301B /* ChannelEntity.swift */,
				253741AB1FA61B0C00E7DBE1 /* DBManager.swift */,
				256539A81F9D643A00D81E2C /* MapEntity.swift */,
			);
			name = Entities;
			sourceTree = "<group>";
		};
		8FB6A9931F81B9AA00FAFFCF /* Editor */ = {
			isa = PBXGroup;
			children = (
				8FB6A9941F81B9C800FAFFCF /* EditorViewController.swift */,
				3475C2271F8FAF8D00E8BF86 /* EditorHUDScene.sks */,
				3475C2281F8FAF8D00E8BF86 /* EditorHUDScene.swift */,
				8FCDF6171FA1BEDF00631551 /* EditorNotificationScene.sks */,
				8FCDF6181FA1BEDF00631551 /* EditorNotificationScene.swift */,
				34B965CD1FA26EDE00BD17CC /* GeneralPropertiesViewController.swift */,
				8F7F0BC71FA6CFDA00C4F022 /* ObjectPropertiesView.swift */,
			);
			name = Editor;
			sourceTree = "<group>";
		};
		8FB6A9C31F81DCA000FAFFCF /* Assets */ = {
			isa = PBXGroup;
			children = (
				3475C22D1F8FB98500E8BF86 /* Icons */,
				34B66FDA1F843CC100A9CCB9 /* Textures */,
				8FB6A9C41F81DCA800FAFFCF /* Models */,
			);
			name = Assets;
			sourceTree = "<group>";
		};
		8FB6A9C41F81DCA800FAFFCF /* Models */ = {
			isa = PBXGroup;
			children = (
				344A6E1F1F990ECA00CFFBEB /* accelerateur.obj */,
				3415E6D81F85A99500DB1CAD /* controlPoint.obj */,
				0EED62801F98301C00CD8C56 /* mur.obj */,
				342E7C551F985AD50062017A /* portail.obj */,
			);
			name = Models;
			sourceTree = "<group>";
		};
		8FB6A9C71F81E35D00FAFFCF /* Arbre */ = {
			isa = PBXGroup;
			children = (
				3415E6C31F8547CE00DB1CAD /* ArbreRendu.swift */,
				8F65B28A1FAE55C200D8EE20 /* NodeCreator.swift */,
				8FB6A9C81F81E36300FAFFCF /* Noeuds */,
				3415E6C51F85646B00DB1CAD /* Usines */,
				8F0B94AA1F8D3ECA007F0E82 /* Visiteurs */,
			);
			name = Arbre;
			sourceTree = "<group>";
		};
		8FB6A9C81F81E36300FAFFCF /* Noeuds */ = {
			isa = PBXGroup;
			children = (
				3415E6C11F8545B300DB1CAD /* NoeudCommun.swift */,
				8FB6A9C91F81E38300FAFFCF /* Table.swift */,
				34B66FD81F8428EA00A9CCB9 /* NoeudTable.swift */,
				34B66FE11F84599100A9CCB9 /* But.swift */,
				34B66FE31F84636900A9CCB9 /* NoeudBut.swift */,
				3415E6DA1F85C1F300DB1CAD /* NoeudPointControl.swift */,
				0EED627C1F9825B500CD8C56 /* NoeudMur.swift */,
				342E7C531F9859770062017A /* NoeudPortail.swift */,
				344A6E231F99112000CFFBEB /* NoeudAccelerateur.swift */,
			);
			name = Noeuds;
			sourceTree = "<group>";
		};
		8FE1EB031F75A90D00A01514 /* Communication */ = {
			isa = PBXGroup;
			children = (
				1D019A2F1F911E78004D79B2 /* Http.swift */,
				25FDE43A1FA80D4D0089D9FE /* HubManager.swift */,
				25FDE43C1FA80DA60089D9FE /* BaseHub.swift */,
				252EC9151FA80FAD008D119C /* EditionHub.swift */,
				34C16BC11FAA783700908983 /* ChatHub.swift */,
			);
			name = Communication;
			sourceTree = "<group>";
		};
		8FFC5B4B1F7CAC0A0031474F /* UI */ = {
			isa = PBXGroup;
			children = (
				8FFC5B471F7C90340031474F /* MessageViewCell.swift */,
				8FFC5B491F7CA7170031474F /* PaddingLabel.swift */,
			);
			name = UI;
			sourceTree = "<group>";
		};
/* End PBXGroup section */

/* Begin PBXNativeTarget section */
		8F6AE2B71F6592EB00A29E8B /* AirHockeyLightClient */ = {
			isa = PBXNativeTarget;
			buildConfigurationList = 8F6AE2D01F6592EB00A29E8B /* Build configuration list for PBXNativeTarget "AirHockeyLightClient" */;
			buildPhases = (
				C275ADB4073C03BCC269C5BB /* [CP] Check Pods Manifest.lock */,
				8F6AE2B41F6592EB00A29E8B /* Sources */,
				8F6AE2B51F6592EB00A29E8B /* Frameworks */,
				8F6AE2B61F6592EB00A29E8B /* Resources */,
				9E82807AEFA30D063897DB68 /* [CP] Embed Pods Frameworks */,
				C35C3B87ADACF750160F987B /* [CP] Copy Pods Resources */,
				25DF9BBF1F9FA94A001E6DB2 /* Embed Frameworks */,
			);
			buildRules = (
			);
			dependencies = (
			);
			name = AirHockeyLightClient;
			productName = AirHockeyLightClient;
			productReference = 8F6AE2B81F6592EB00A29E8B /* AirHockeyLightClient.app */;
			productType = "com.apple.product-type.application";
		};
/* End PBXNativeTarget section */

/* Begin PBXProject section */
		8F6AE2B01F6592EB00A29E8B /* Project object */ = {
			isa = PBXProject;
			attributes = {
				LastSwiftUpdateCheck = 0830;
				LastUpgradeCheck = 0830;
				ORGANIZATIONNAME = "LOG3900 Équipe 03 - Les Décalés";
				TargetAttributes = {
					8F6AE2B71F6592EB00A29E8B = {
						CreatedOnToolsVersion = 8.3.3;
						DevelopmentTeam = BG3AZJL2HA;
						ProvisioningStyle = Automatic;
					};
				};
			};
			buildConfigurationList = 8F6AE2B31F6592EB00A29E8B /* Build configuration list for PBXProject "AirHockeyLightClient" */;
			compatibilityVersion = "Xcode 3.2";
			developmentRegion = English;
			hasScannedForEncodings = 0;
			knownRegions = (
				en,
				Base,
			);
			mainGroup = 8F6AE2AF1F6592EB00A29E8B;
			productRefGroup = 8F6AE2B91F6592EB00A29E8B /* Products */;
			projectDirPath = "";
			projectRoot = "";
			targets = (
				8F6AE2B71F6592EB00A29E8B /* AirHockeyLightClient */,
			);
		};
/* End PBXProject section */

/* Begin PBXResourcesBuildPhase section */
		8F6AE2B61F6592EB00A29E8B /* Resources */ = {
			isa = PBXResourcesBuildPhase;
			buildActionMask = 2147483647;
			files = (
				3475C23B1F8FB9A100E8BF86 /* Move.png in Resources */,
				8F27E8111FA1803400A8856D /* Tap.png in Resources */,
				8F6AE2BE1F6592EB00A29E8B /* GameScene.sks in Resources */,
				8F64C0151F77550800F14AC7 /* Main.storyboard in Resources */,
				8F6AE2C91F6592EB00A29E8B /* Assets.xcassets in Resources */,
				34B66FDC1F843CD400A9CCB9 /* fire_texture.png in Resources */,
				3415E6D91F85A99500DB1CAD /* controlPoint.obj in Resources */,
				34B66FE01F844C2100A9CCB9 /* table_texture.png in Resources */,
				3475C23D1F8FB9A100E8BF86 /* Resize.png in Resources */,
				3475C2291F8FAF8D00E8BF86 /* EditorHUDScene.sks in Resources */,
				344A6E201F990ECA00CFFBEB /* accelerateur.obj in Resources */,
				8FCDF6191FA1BEDF00631551 /* EditorNotificationScene.sks in Resources */,
				3475C2401F8FB9A100E8BF86 /* Wall.png in Resources */,
				3475C2411F8FB9A100E8BF86 /* Zoom.png in Resources */,
				342E7C561F985AD50062017A /* portail.obj in Resources */,
				344A6E1C1F9908EB00CFFBEB /* Camera.png in Resources */,
				3475C23F1F8FB9A100E8BF86 /* Select.png in Resources */,
				0EED62811F98301C00CD8C56 /* mur.obj in Resources */,
				8F4D5E3C1FA060150002D5C5 /* Delete.png in Resources */,
				3475C23A1F8FB9A100E8BF86 /* Duplicate.png in Resources */,
				3475C23C1F8FB9A100E8BF86 /* Portal.png in Resources */,
				8F64C0131F7754FD00F14AC7 /* LaunchScreen.storyboard in Resources */,
				3475C23E1F8FB9A100E8BF86 /* Rotate.png in Resources */,
				3475C2391F8FB9A100E8BF86 /* ControlPoint.png in Resources */,
				3475C2381F8FB9A100E8BF86 /* Booster.png in Resources */,
				8F6AE2C01F6592EB00A29E8B /* Actions.sks in Resources */,
				344A6E1E1F9908F500CFFBEB /* Cancel.png in Resources */,
			);
			runOnlyForDeploymentPostprocessing = 0;
		};
/* End PBXResourcesBuildPhase section */

/* Begin PBXShellScriptBuildPhase section */
		9E82807AEFA30D063897DB68 /* [CP] Embed Pods Frameworks */ = {
			isa = PBXShellScriptBuildPhase;
			buildActionMask = 2147483647;
			files = (
			);
			inputPaths = (
				"${SRCROOT}/Pods/Target Support Files/Pods-AirHockeyLightClient/Pods-AirHockeyLightClient-frameworks.sh",
				"${BUILT_PRODUCTS_DIR}/Alamofire/Alamofire.framework",
				"${BUILT_PRODUCTS_DIR}/PromiseKit/PromiseKit.framework",
				"${BUILT_PRODUCTS_DIR}/Realm/Realm.framework",
				"${BUILT_PRODUCTS_DIR}/RealmSwift/RealmSwift.framework",
				"${BUILT_PRODUCTS_DIR}/SwiftR/SwiftR.framework",
				"${BUILT_PRODUCTS_DIR}/SwiftyJSON/SwiftyJSON.framework",
			);
			name = "[CP] Embed Pods Frameworks";
			outputPaths = (
				"${TARGET_BUILD_DIR}/${FRAMEWORKS_FOLDER_PATH}/Alamofire.framework",
				"${TARGET_BUILD_DIR}/${FRAMEWORKS_FOLDER_PATH}/PromiseKit.framework",
				"${TARGET_BUILD_DIR}/${FRAMEWORKS_FOLDER_PATH}/Realm.framework",
				"${TARGET_BUILD_DIR}/${FRAMEWORKS_FOLDER_PATH}/RealmSwift.framework",
				"${TARGET_BUILD_DIR}/${FRAMEWORKS_FOLDER_PATH}/SwiftR.framework",
				"${TARGET_BUILD_DIR}/${FRAMEWORKS_FOLDER_PATH}/SwiftyJSON.framework",
			);
			runOnlyForDeploymentPostprocessing = 0;
			shellPath = /bin/sh;
			shellScript = "\"${SRCROOT}/Pods/Target Support Files/Pods-AirHockeyLightClient/Pods-AirHockeyLightClient-frameworks.sh\"\n";
			showEnvVarsInLog = 0;
		};
		C275ADB4073C03BCC269C5BB /* [CP] Check Pods Manifest.lock */ = {
			isa = PBXShellScriptBuildPhase;
			buildActionMask = 2147483647;
			files = (
			);
			inputPaths = (
				"${PODS_PODFILE_DIR_PATH}/Podfile.lock",
				"${PODS_ROOT}/Manifest.lock",
			);
			name = "[CP] Check Pods Manifest.lock";
			outputPaths = (
				"$(DERIVED_FILE_DIR)/Pods-AirHockeyLightClient-checkManifestLockResult.txt",
			);
			runOnlyForDeploymentPostprocessing = 0;
			shellPath = /bin/sh;
			shellScript = "diff \"${PODS_PODFILE_DIR_PATH}/Podfile.lock\" \"${PODS_ROOT}/Manifest.lock\" > /dev/null\nif [ $? != 0 ] ; then\n    # print error to STDERR\n    echo \"error: The sandbox is not in sync with the Podfile.lock. Run 'pod install' or update your CocoaPods installation.\" >&2\n    exit 1\nfi\n# This output is used by Xcode 'outputs' to avoid re-running this script phase.\necho \"SUCCESS\" > \"${SCRIPT_OUTPUT_FILE_0}\"\n";
			showEnvVarsInLog = 0;
		};
		C35C3B87ADACF750160F987B /* [CP] Copy Pods Resources */ = {
			isa = PBXShellScriptBuildPhase;
			buildActionMask = 2147483647;
			files = (
			);
			inputPaths = (
			);
			name = "[CP] Copy Pods Resources";
			outputPaths = (
			);
			runOnlyForDeploymentPostprocessing = 0;
			shellPath = /bin/sh;
			shellScript = "\"${SRCROOT}/Pods/Target Support Files/Pods-AirHockeyLightClient/Pods-AirHockeyLightClient-resources.sh\"\n";
			showEnvVarsInLog = 0;
		};
/* End PBXShellScriptBuildPhase section */

/* Begin PBXSourcesBuildPhase section */
		8F6AE2B41F6592EB00A29E8B /* Sources */ = {
			isa = PBXSourcesBuildPhase;
			buildActionMask = 2147483647;
			files = (
				8F65B28F1FAE600700D8EE20 /* EditionCommand.swift in Sources */,
				25FDE43D1FA80DA60089D9FE /* BaseHub.swift in Sources */,
				25628B9D1FA79B940010B58D /* IMapViewModel.swift in Sources */,
				344A6E2C1F994E0D00CFFBEB /* CollisionHelper.swift in Sources */,
				8F0B94BE1F8DC0F1007F0E82 /* VisiteurSelection.swift in Sources */,
				25628B9F1FA79C070010B58D /* MapViewModel.swift in Sources */,
				1D019A261F911E25004D79B2 /* Dynamic.swift in Sources */,
				0EED627F1F982B3B00CD8C56 /* ModeleEtatCreerMuret.swift in Sources */,
				8F0B94B81F8D7F11007F0E82 /* ModeleEtatPointControl.swift in Sources */,
				25F809231FA6A2680008F048 /* MapDisplayViewController.swift in Sources */,
				256539A91F9D643A00D81E2C /* MapEntity.swift in Sources */,
				8FB6A9951F81B9C800FAFFCF /* EditorViewController.swift in Sources */,
				1D90AAFB1F98205A003E0764 /* ConnectServerViewController.swift in Sources */,
				8F65B2901FAE600700D8EE20 /* PortalCommand.swift in Sources */,
				8F1B4BD71FA65C3C005321AF /* VisiteurInformation.swift in Sources */,
				8FFC5B481F7C90340031474F /* MessageViewCell.swift in Sources */,
				8F0B94B41F8D4EC1007F0E82 /* ModeleEtatSelection.swift in Sources */,
				25F8091F1FA673050008F048 /* MapTableViewController.swift in Sources */,
				8F8706BB1F7892F2000E6824 /* ChatMessageEntity.swift in Sources */,
				253741AC1FA61B0C00E7DBE1 /* DBManager.swift in Sources */,
				8F65B2961FAE614600D8EE20 /* OnlineEditorState.swift in Sources */,
				8F65B2871FAE265F00D8EE20 /* UserManager.swift in Sources */,
				344A6E241F99112000CFFBEB /* NoeudAccelerateur.swift in Sources */,
				3415E6C71F85649D00DB1CAD /* UsineAbstraite.swift in Sources */,
				25F66FB51FA13071006CB47F /* VisiteurSauvegarde.swift in Sources */,
				8F0B94AE1F8D450B007F0E82 /* VisiteurSelectionnable.swift in Sources */,
				1D3D77B71F981BCA0012EF12 /* MainViewController.swift in Sources */,
				8F6AE2C21F6592EB00A29E8B /* GameScene.swift in Sources */,
				25163A891F9CE62600142418 /* ILoginViewModel.swift in Sources */,
				34B66FE41F84636900A9CCB9 /* NoeudBut.swift in Sources */,
				1D90AB021F9824BE003E0764 /* ConnectServer.swift in Sources */,
				3475C2461F90144300E8BF86 /* ImmediatePanGestureRecognizer.swift in Sources */,
				253E088C1F81858E009F301B /* UIViewShake.swift in Sources */,
				1D019A211F911DF6004D79B2 /* Login.swift in Sources */,
				25F809251FA6AB680008F048 /* CreateMapViewController.swift in Sources */,
				3497C3271F9FF3C300C58700 /* VisiteurDuplication.swift in Sources */,
				8FB6A9CA1F81E38300FAFFCF /* Table.swift in Sources */,
				8F76FC0F1F9CF990001BBC99 /* SCNodeHelper.swift in Sources */,
				3415E6C21F8545B300DB1CAD /* NoeudCommun.swift in Sources */,
				8F8706B91F7892BB000E6824 /* Entity.swift in Sources */,
				252EC9161FA80FAD008D119C /* EditionHub.swift in Sources */,
				25628BA11FA79CFF0010B58D /* Maps.swift in Sources */,
				34B66FE21F84599100A9CCB9 /* But.swift in Sources */,
				1D019A2A1F911E33004D79B2 /* LoginViewModel.swift in Sources */,
				8F97A3861FA2C8BD00421FDC /* IGeneralPropertiesViewModel.swift in Sources */,
				3415E6DB1F85C1F300DB1CAD /* NoeudPointControl.swift in Sources */,
				8F97A3851FA2C8BD00421FDC /* GeneralPropertiesViewModel.swift in Sources */,
				34B965D01FA2976600BD17CC /* GeneralProperties.swift in Sources */,
				342E7C521F9859620062017A /* ModeleEtatCreerPortail.swift in Sources */,
				344A6E221F99101700CFFBEB /* ModeleEtatCreerBoost.swift in Sources */,
				8F64C0111F7754EF00F14AC7 /* ChatViewController.swift in Sources */,
				1D019A221F911DF6004D79B2 /* Signup.swift in Sources */,
				8F0B94BC1F8D8EA6007F0E82 /* VisiteurDeplacement.swift in Sources */,
				3415E6C41F8547CE00DB1CAD /* ArbreRendu.swift in Sources */,
				0EED627D1F9825B500CD8C56 /* NoeudMur.swift in Sources */,
				8F690D621F9D5E7F003F051A /* ModeleEtatRotation.swift in Sources */,
				8F7F0BC81FA6CFDB00C4F022 /* ObjectPropertiesView.swift in Sources */,
				8FCDF61A1FA1BEDF00631551 /* EditorNotificationScene.swift in Sources */,
				8F1D52AA1F9D99C700135A53 /* VisiteurScale.swift in Sources */,
				8FFC5B4A1F7CA7170031474F /* PaddingLabel.swift in Sources */,
				8F0B94B61F8D5C25007F0E82 /* FacadeModele.swift in Sources */,
				8F64C0171F775B2500F14AC7 /* AuthentificationViewController.swift in Sources */,
				342E7C541F9859770062017A /* NoeudPortail.swift in Sources */,
				1D019A1E1F911DE2004D79B2 /* LoginViewController.swift in Sources */,
				1D019A301F911E78004D79B2 /* Http.swift in Sources */,
				3475C22A1F8FAF8D00E8BF86 /* EditorHUDScene.swift in Sources */,
				34B965CE1FA26EDE00BD17CC /* GeneralPropertiesViewController.swift in Sources */,
				253E088E1F818DD2009F301B /* JsonHelper.swift in Sources */,
				8F8706BD1F78A67F000E6824 /* ChannelViewController.swift in Sources */,
				344A6E2A1F994E0100CFFBEB /* VisiteurSurTable.swift in Sources */,
				8F0B94AC1F8D3EEE007F0E82 /* VisiteurAbstrait.swift in Sources */,
				8F65B28B1FAE55C200D8EE20 /* NodeCreator.swift in Sources */,
				1D90AAFE1F98228E003E0764 /* IConnectServerViewModel.swift in Sources */,
				3415E6C91F85659900DB1CAD /* UsineNoeud.swift in Sources */,
				34C16BC21FAA783700908983 /* ChatHub.swift in Sources */,
				8F690D601F9D5244003F051A /* VisiteurObtenirSelection.swift in Sources */,
				3497C3251F9FECA600C58700 /* ModeleEtatDuplication.swift in Sources */,
				253E08911F81913A009F301B /* ChannelEntity.swift in Sources */,
				8F69F4BF1F8AF871004D5129 /* MathHelper.swift in Sources */,
				8F65B2891FAE321C00D8EE20 /* VisiteurByUUID.swift in Sources */,
				25FDE43B1FA80D4D0089D9FE /* HubManager.swift in Sources */,
				8F65B2941FAE612F00D8EE20 /* OfflineEditorState.swift in Sources */,
				1D019A2E1F911E49004D79B2 /* ISignupViewModel.swift in Sources */,
				8F65B2921FAE603300D8EE20 /* EditorState.swift in Sources */,
				1D019A2D1F911E49004D79B2 /* SignupViewModel.swift in Sources */,
				8F0B94BA1F8D8C95007F0E82 /* ModeleEtatDeplacement.swift in Sources */,
				1D863DB11F9848E70025B89D /* OfflineMenuViewController.swift in Sources */,
				8F0B94B21F8D4BCE007F0E82 /* ModeleEtat.swift in Sources */,
				3475C2431F8FE71800E8BF86 /* ModeleEtatCameraControl.swift in Sources */,
				1D90AB001F982332003E0764 /* ConnectServerViewModel.swift in Sources */,
				8F1D52A81F9D972400135A53 /* ModeleEtatScale.swift in Sources */,
				34B66FD91F8428EA00A9CCB9 /* NoeudTable.swift in Sources */,
				8F65B2851FAE264100D8EE20 /* OnlineUser.swift in Sources */,
				1DFE2E4C1F91A8FD0048892D /* SignupViewController.swift in Sources */,
				8F6AE2BC1F6592EB00A29E8B /* AppDelegate.swift in Sources */,
			);
			runOnlyForDeploymentPostprocessing = 0;
		};
/* End PBXSourcesBuildPhase section */

/* Begin XCBuildConfiguration section */
		8F6AE2CE1F6592EB00A29E8B /* Debug */ = {
			isa = XCBuildConfiguration;
			buildSettings = {
				ALWAYS_SEARCH_USER_PATHS = NO;
				CLANG_ANALYZER_NONNULL = YES;
				CLANG_ANALYZER_NUMBER_OBJECT_CONVERSION = YES_AGGRESSIVE;
				CLANG_CXX_LANGUAGE_STANDARD = "gnu++0x";
				CLANG_CXX_LIBRARY = "libc++";
				CLANG_ENABLE_MODULES = YES;
				CLANG_ENABLE_OBJC_ARC = YES;
				CLANG_WARN_BOOL_CONVERSION = YES;
				CLANG_WARN_CONSTANT_CONVERSION = YES;
				CLANG_WARN_DIRECT_OBJC_ISA_USAGE = YES_ERROR;
				CLANG_WARN_DOCUMENTATION_COMMENTS = YES;
				CLANG_WARN_EMPTY_BODY = YES;
				CLANG_WARN_ENUM_CONVERSION = YES;
				CLANG_WARN_INFINITE_RECURSION = YES;
				CLANG_WARN_INT_CONVERSION = YES;
				CLANG_WARN_OBJC_ROOT_CLASS = YES_ERROR;
				CLANG_WARN_SUSPICIOUS_MOVE = YES;
				CLANG_WARN_UNREACHABLE_CODE = YES;
				CLANG_WARN__DUPLICATE_METHOD_MATCH = YES;
				"CODE_SIGN_IDENTITY[sdk=iphoneos*]" = "iPhone Developer";
				COPY_PHASE_STRIP = NO;
				DEBUG_INFORMATION_FORMAT = dwarf;
				ENABLE_STRICT_OBJC_MSGSEND = YES;
				ENABLE_TESTABILITY = YES;
				GCC_C_LANGUAGE_STANDARD = gnu99;
				GCC_DYNAMIC_NO_PIC = NO;
				GCC_NO_COMMON_BLOCKS = YES;
				GCC_OPTIMIZATION_LEVEL = 0;
				GCC_PREPROCESSOR_DEFINITIONS = (
					"DEBUG=1",
					"$(inherited)",
				);
				GCC_WARN_64_TO_32_BIT_CONVERSION = YES;
				GCC_WARN_ABOUT_RETURN_TYPE = YES_ERROR;
				GCC_WARN_UNDECLARED_SELECTOR = YES;
				GCC_WARN_UNINITIALIZED_AUTOS = YES_AGGRESSIVE;
				GCC_WARN_UNUSED_FUNCTION = YES;
				GCC_WARN_UNUSED_VARIABLE = YES;
				IPHONEOS_DEPLOYMENT_TARGET = 10.3;
				MTL_ENABLE_DEBUG_INFO = YES;
				ONLY_ACTIVE_ARCH = YES;
				SDKROOT = iphoneos;
				SWIFT_ACTIVE_COMPILATION_CONDITIONS = DEBUG;
				SWIFT_OPTIMIZATION_LEVEL = "-Onone";
				TARGETED_DEVICE_FAMILY = "1,2";
			};
			name = Debug;
		};
		8F6AE2CF1F6592EB00A29E8B /* Release */ = {
			isa = XCBuildConfiguration;
			buildSettings = {
				ALWAYS_SEARCH_USER_PATHS = NO;
				CLANG_ANALYZER_NONNULL = YES;
				CLANG_ANALYZER_NUMBER_OBJECT_CONVERSION = YES_AGGRESSIVE;
				CLANG_CXX_LANGUAGE_STANDARD = "gnu++0x";
				CLANG_CXX_LIBRARY = "libc++";
				CLANG_ENABLE_MODULES = YES;
				CLANG_ENABLE_OBJC_ARC = YES;
				CLANG_WARN_BOOL_CONVERSION = YES;
				CLANG_WARN_CONSTANT_CONVERSION = YES;
				CLANG_WARN_DIRECT_OBJC_ISA_USAGE = YES_ERROR;
				CLANG_WARN_DOCUMENTATION_COMMENTS = YES;
				CLANG_WARN_EMPTY_BODY = YES;
				CLANG_WARN_ENUM_CONVERSION = YES;
				CLANG_WARN_INFINITE_RECURSION = YES;
				CLANG_WARN_INT_CONVERSION = YES;
				CLANG_WARN_OBJC_ROOT_CLASS = YES_ERROR;
				CLANG_WARN_SUSPICIOUS_MOVE = YES;
				CLANG_WARN_UNREACHABLE_CODE = YES;
				CLANG_WARN__DUPLICATE_METHOD_MATCH = YES;
				"CODE_SIGN_IDENTITY[sdk=iphoneos*]" = "iPhone Developer";
				COPY_PHASE_STRIP = NO;
				DEBUG_INFORMATION_FORMAT = "dwarf-with-dsym";
				ENABLE_NS_ASSERTIONS = NO;
				ENABLE_STRICT_OBJC_MSGSEND = YES;
				GCC_C_LANGUAGE_STANDARD = gnu99;
				GCC_NO_COMMON_BLOCKS = YES;
				GCC_WARN_64_TO_32_BIT_CONVERSION = YES;
				GCC_WARN_ABOUT_RETURN_TYPE = YES_ERROR;
				GCC_WARN_UNDECLARED_SELECTOR = YES;
				GCC_WARN_UNINITIALIZED_AUTOS = YES_AGGRESSIVE;
				GCC_WARN_UNUSED_FUNCTION = YES;
				GCC_WARN_UNUSED_VARIABLE = YES;
				IPHONEOS_DEPLOYMENT_TARGET = 10.3;
				MTL_ENABLE_DEBUG_INFO = NO;
				SDKROOT = iphoneos;
				SWIFT_OPTIMIZATION_LEVEL = "-Owholemodule";
				TARGETED_DEVICE_FAMILY = "1,2";
				VALIDATE_PRODUCT = YES;
			};
			name = Release;
		};
		8F6AE2D11F6592EB00A29E8B /* Debug */ = {
			isa = XCBuildConfiguration;
			baseConfigurationReference = 628E0B24C7327005FBC765AC /* Pods-AirHockeyLightClient.debug.xcconfig */;
			buildSettings = {
				ASSETCATALOG_COMPILER_APPICON_NAME = AppIcon;
				"CODE_SIGN_IDENTITY[sdk=iphoneos*]" = "iPhone Developer";
				DEVELOPMENT_TEAM = BG3AZJL2HA;
				EMBED_ASSET_PACKS_IN_PRODUCT_BUNDLE = YES;
				FRAMEWORK_SEARCH_PATHS = (
					"$(inherited)",
					"$(PROJECT_DIR)/**",
				);
				INFOPLIST_FILE = AirHockeyLightClient/Info.plist;
				IPHONEOS_DEPLOYMENT_TARGET = 9.3;
				LD_RUNPATH_SEARCH_PATHS = "$(inherited) @executable_path/Frameworks";
				PRODUCT_BUNDLE_IDENTIFIER = "ca.polymtl.A17-LOG3900-03.AirHockeyLightClient";
				PRODUCT_NAME = "$(TARGET_NAME)";
				PROVISIONING_PROFILE_SPECIFIER = "";
				SWIFT_VERSION = 3.0;
				TARGETED_DEVICE_FAMILY = "1,2";
			};
			name = Debug;
		};
		8F6AE2D21F6592EB00A29E8B /* Release */ = {
			isa = XCBuildConfiguration;
			baseConfigurationReference = 4BC65514BAA095CA955FDC5C /* Pods-AirHockeyLightClient.release.xcconfig */;
			buildSettings = {
				ASSETCATALOG_COMPILER_APPICON_NAME = AppIcon;
				"CODE_SIGN_IDENTITY[sdk=iphoneos*]" = "iPhone Developer";
				DEVELOPMENT_TEAM = BG3AZJL2HA;
				EMBED_ASSET_PACKS_IN_PRODUCT_BUNDLE = YES;
				FRAMEWORK_SEARCH_PATHS = (
					"$(inherited)",
					"$(PROJECT_DIR)",
				);
				INFOPLIST_FILE = AirHockeyLightClient/Info.plist;
				IPHONEOS_DEPLOYMENT_TARGET = 9.3;
				LD_RUNPATH_SEARCH_PATHS = "$(inherited) @executable_path/Frameworks";
				PRODUCT_BUNDLE_IDENTIFIER = "ca.polymtl.A17-LOG3900-03.AirHockeyLightClient";
				PRODUCT_NAME = "$(TARGET_NAME)";
				PROVISIONING_PROFILE_SPECIFIER = "";
				SWIFT_VERSION = 3.0;
				TARGETED_DEVICE_FAMILY = "1,2";
			};
			name = Release;
		};
/* End XCBuildConfiguration section */

/* Begin XCConfigurationList section */
		8F6AE2B31F6592EB00A29E8B /* Build configuration list for PBXProject "AirHockeyLightClient" */ = {
			isa = XCConfigurationList;
			buildConfigurations = (
				8F6AE2CE1F6592EB00A29E8B /* Debug */,
				8F6AE2CF1F6592EB00A29E8B /* Release */,
			);
			defaultConfigurationIsVisible = 0;
			defaultConfigurationName = Release;
		};
		8F6AE2D01F6592EB00A29E8B /* Build configuration list for PBXNativeTarget "AirHockeyLightClient" */ = {
			isa = XCConfigurationList;
			buildConfigurations = (
				8F6AE2D11F6592EB00A29E8B /* Debug */,
				8F6AE2D21F6592EB00A29E8B /* Release */,
			);
			defaultConfigurationIsVisible = 0;
			defaultConfigurationName = Release;
		};
/* End XCConfigurationList section */
	};
	rootObject = 8F6AE2B01F6592EB00A29E8B /* Project object */;
}
